// !$*UTF8*$!
{
	archiveVersion = 1;
	classes = {
	};
	objectVersion = 46;
	objects = {

/* Begin PBXBuildFile section */
		C34BC8EA1C044E40007E75CD /* main.m in Sources */ = {isa = PBXBuildFile; fileRef = C34BC8E91C044E40007E75CD /* main.m */; };
		C34BC8ED1C044E40007E75CD /* AppDelegate.m in Sources */ = {isa = PBXBuildFile; fileRef = C34BC8EC1C044E40007E75CD /* AppDelegate.m */; };
		C34BC8F81C044E40007E75CD /* Assets.xcassets in Resources */ = {isa = PBXBuildFile; fileRef = C34BC8F71C044E40007E75CD /* Assets.xcassets */; };
		C34BC9061C044E41007E75CD /* ProHealthTests.m in Sources */ = {isa = PBXBuildFile; fileRef = C34BC9051C044E41007E75CD /* ProHealthTests.m */; };
		C34BC91E1C044F88007E75CD /* MealsMenuViewController.m in Sources */ = {isa = PBXBuildFile; fileRef = C34BC91C1C044F88007E75CD /* MealsMenuViewController.m */; };
		C34BC91F1C044F88007E75CD /* MealsMenuViewController.xib in Resources */ = {isa = PBXBuildFile; fileRef = C34BC91D1C044F88007E75CD /* MealsMenuViewController.xib */; };
		C34BC9231C044FC7007E75CD /* StartViewController.m in Sources */ = {isa = PBXBuildFile; fileRef = C34BC9211C044FC7007E75CD /* StartViewController.m */; };
		C34BC9241C044FC7007E75CD /* StartViewController.xib in Resources */ = {isa = PBXBuildFile; fileRef = C34BC9221C044FC7007E75CD /* StartViewController.xib */; };
		C34BC9281C044FFA007E75CD /* GuideViewController.m in Sources */ = {isa = PBXBuildFile; fileRef = C34BC9261C044FFA007E75CD /* GuideViewController.m */; };
		C34BC9291C044FFA007E75CD /* GuideViewController.xib in Resources */ = {isa = PBXBuildFile; fileRef = C34BC9271C044FFA007E75CD /* GuideViewController.xib */; };
		C34BC92D1C045015007E75CD /* WaterViewController.m in Sources */ = {isa = PBXBuildFile; fileRef = C34BC92B1C045015007E75CD /* WaterViewController.m */; };
		C34BC92E1C045015007E75CD /* WaterViewController.xib in Resources */ = {isa = PBXBuildFile; fileRef = C34BC92C1C045015007E75CD /* WaterViewController.xib */; };
		C34BC9321C04502A007E75CD /* CaloriesViewController.m in Sources */ = {isa = PBXBuildFile; fileRef = C34BC9301C04502A007E75CD /* CaloriesViewController.m */; };
		C34BC9331C04502A007E75CD /* CaloriesViewController.xib in Resources */ = {isa = PBXBuildFile; fileRef = C34BC9311C04502A007E75CD /* CaloriesViewController.xib */; };
		C34BC9371C04505B007E75CD /* PersonalStatsViewController.m in Sources */ = {isa = PBXBuildFile; fileRef = C34BC9351C04505B007E75CD /* PersonalStatsViewController.m */; };
		C34BC9381C04505B007E75CD /* PersonalStatsViewController.xib in Resources */ = {isa = PBXBuildFile; fileRef = C34BC9361C04505B007E75CD /* PersonalStatsViewController.xib */; };
		C34BC93C1C045095007E75CD /* ExercisesViewController.m in Sources */ = {isa = PBXBuildFile; fileRef = C34BC93A1C045095007E75CD /* ExercisesViewController.m */; };
		C34BC93D1C045095007E75CD /* ExercisesViewController.xib in Resources */ = {isa = PBXBuildFile; fileRef = C34BC93B1C045095007E75CD /* ExercisesViewController.xib */; };
		C34BC9411C0450CE007E75CD /* TipsViewController.m in Sources */ = {isa = PBXBuildFile; fileRef = C34BC93F1C0450CE007E75CD /* TipsViewController.m */; };
		C34BC9421C0450CE007E75CD /* TipsViewController.xib in Resources */ = {isa = PBXBuildFile; fileRef = C34BC9401C0450CE007E75CD /* TipsViewController.xib */; };
		C34BC94B1C045102007E75CD /* RecipeDetailsViewController.m in Sources */ = {isa = PBXBuildFile; fileRef = C34BC9491C045102007E75CD /* RecipeDetailsViewController.m */; };
		C34BC94C1C045102007E75CD /* RecipeDetailsViewController.xib in Resources */ = {isa = PBXBuildFile; fileRef = C34BC94A1C045102007E75CD /* RecipeDetailsViewController.xib */; };
		C34BC9501C04510F007E75CD /* RecipesViewController.m in Sources */ = {isa = PBXBuildFile; fileRef = C34BC94E1C04510F007E75CD /* RecipesViewController.m */; };
		C34BC9511C04510F007E75CD /* RecipesViewController.xib in Resources */ = {isa = PBXBuildFile; fileRef = C34BC94F1C04510F007E75CD /* RecipesViewController.xib */; };
		C34BC9551C04515D007E75CD /* SettingsViewController.m in Sources */ = {isa = PBXBuildFile; fileRef = C34BC9531C04515D007E75CD /* SettingsViewController.m */; };
		C34BC9561C04515D007E75CD /* SettingsViewController.xib in Resources */ = {isa = PBXBuildFile; fileRef = C34BC9541C04515D007E75CD /* SettingsViewController.xib */; };
		C34BC9671C04528D007E75CD /* RecipesTableViewCell.m in Sources */ = {isa = PBXBuildFile; fileRef = C34BC9651C04528D007E75CD /* RecipesTableViewCell.m */; };
		C34BC9681C04528D007E75CD /* RecipesTableViewCell.xib in Resources */ = {isa = PBXBuildFile; fileRef = C34BC9661C04528D007E75CD /* RecipesTableViewCell.xib */; };
		C34BC9741C0455C9007E75CD /* ProHealth.xcdatamodeld in Sources */ = {isa = PBXBuildFile; fileRef = C34BC9721C0455C9007E75CD /* ProHealth.xcdatamodeld */; };
		C38E0DE31C0464D7008FA999 /* add@2x.png in Resources */ = {isa = PBXBuildFile; fileRef = C38E0DB91C0464D7008FA999 /* add@2x.png */; };
		C38E0DE41C0464D7008FA999 /* add@3x.png in Resources */ = {isa = PBXBuildFile; fileRef = C38E0DBA1C0464D7008FA999 /* add@3x.png */; };
		C38E0DE51C0464D7008FA999 /* arrow_back@2x.png in Resources */ = {isa = PBXBuildFile; fileRef = C38E0DBB1C0464D7008FA999 /* arrow_back@2x.png */; };
		C38E0DE61C0464D7008FA999 /* arrow_back@3x.png in Resources */ = {isa = PBXBuildFile; fileRef = C38E0DBC1C0464D7008FA999 /* arrow_back@3x.png */; };
		C38E0DE71C0464D7008FA999 /* back@2x.png in Resources */ = {isa = PBXBuildFile; fileRef = C38E0DBD1C0464D7008FA999 /* back@2x.png */; };
		C38E0DE81C0464D7008FA999 /* back@3x.png in Resources */ = {isa = PBXBuildFile; fileRef = C38E0DBE1C0464D7008FA999 /* back@3x.png */; };
		C38E0DE91C0464D7008FA999 /* cancel@2x.png in Resources */ = {isa = PBXBuildFile; fileRef = C38E0DBF1C0464D7008FA999 /* cancel@2x.png */; };
		C38E0DEA1C0464D7008FA999 /* cancel@3x.png in Resources */ = {isa = PBXBuildFile; fileRef = C38E0DC01C0464D7008FA999 /* cancel@3x.png */; };
		C38E0DEB1C0464D7008FA999 /* chek@2x.png in Resources */ = {isa = PBXBuildFile; fileRef = C38E0DC11C0464D7008FA999 /* chek@2x.png */; };
		C38E0DEC1C0464D7008FA999 /* chek@3x.png in Resources */ = {isa = PBXBuildFile; fileRef = C38E0DC21C0464D7008FA999 /* chek@3x.png */; };
		C38E0DED1C0464D7008FA999 /* clip@2x.png in Resources */ = {isa = PBXBuildFile; fileRef = C38E0DC31C0464D7008FA999 /* clip@2x.png */; };
		C38E0DEE1C0464D7008FA999 /* clip@3x.png in Resources */ = {isa = PBXBuildFile; fileRef = C38E0DC41C0464D7008FA999 /* clip@3x.png */; };
		C38E0DEF1C0464D7008FA999 /* gear@2x.png in Resources */ = {isa = PBXBuildFile; fileRef = C38E0DC51C0464D7008FA999 /* gear@2x.png */; };
		C38E0DF01C0464D7008FA999 /* gear@3x.png in Resources */ = {isa = PBXBuildFile; fileRef = C38E0DC61C0464D7008FA999 /* gear@3x.png */; };
		C38E0DF11C0464D7008FA999 /* icon_fire@2x.png in Resources */ = {isa = PBXBuildFile; fileRef = C38E0DC71C0464D7008FA999 /* icon_fire@2x.png */; };
		C38E0DF21C0464D7008FA999 /* icon_fire@3x.png in Resources */ = {isa = PBXBuildFile; fileRef = C38E0DC81C0464D7008FA999 /* icon_fire@3x.png */; };
		C38E0DF31C0464D7008FA999 /* icon_foot@2x.png in Resources */ = {isa = PBXBuildFile; fileRef = C38E0DC91C0464D7008FA999 /* icon_foot@2x.png */; };
		C38E0DF41C0464D7008FA999 /* icon_foot@3x.png in Resources */ = {isa = PBXBuildFile; fileRef = C38E0DCA1C0464D7008FA999 /* icon_foot@3x.png */; };
		C38E0DF51C0464D7008FA999 /* icon_water@2x.png in Resources */ = {isa = PBXBuildFile; fileRef = C38E0DCB1C0464D7008FA999 /* icon_water@2x.png */; };
		C38E0DF61C0464D7008FA999 /* icon_water@3x.png in Resources */ = {isa = PBXBuildFile; fileRef = C38E0DCC1C0464D7008FA999 /* icon_water@3x.png */; };
		C38E0DF71C0464D7008FA999 /* img_add_glass@2x.png in Resources */ = {isa = PBXBuildFile; fileRef = C38E0DCD1C0464D7008FA999 /* img_add_glass@2x.png */; };
		C38E0DF81C0464D7008FA999 /* img_add_glass@3x.png in Resources */ = {isa = PBXBuildFile; fileRef = C38E0DCE1C0464D7008FA999 /* img_add_glass@3x.png */; };
		C38E0DF91C0464D7008FA999 /* img_afternoon@2x.png in Resources */ = {isa = PBXBuildFile; fileRef = C38E0DCF1C0464D7008FA999 /* img_afternoon@2x.png */; };
		C38E0DFA1C0464D7008FA999 /* img_afternoon@3x.png in Resources */ = {isa = PBXBuildFile; fileRef = C38E0DD01C0464D7008FA999 /* img_afternoon@3x.png */; };
		C38E0DFB1C0464D7008FA999 /* img_empty_glass@2x.png in Resources */ = {isa = PBXBuildFile; fileRef = C38E0DD11C0464D7008FA999 /* img_empty_glass@2x.png */; };
		C38E0DFC1C0464D7008FA999 /* img_empty_glass@3x.png in Resources */ = {isa = PBXBuildFile; fileRef = C38E0DD21C0464D7008FA999 /* img_empty_glass@3x.png */; };
		C38E0DFD1C0464D7008FA999 /* img_evening@2x.png in Resources */ = {isa = PBXBuildFile; fileRef = C38E0DD31C0464D7008FA999 /* img_evening@2x.png */; };
		C38E0DFE1C0464D7008FA999 /* img_evening@3x.png in Resources */ = {isa = PBXBuildFile; fileRef = C38E0DD41C0464D7008FA999 /* img_evening@3x.png */; };
		C38E0DFF1C0464D7008FA999 /* img_full_glass@2x.png in Resources */ = {isa = PBXBuildFile; fileRef = C38E0DD51C0464D7008FA999 /* img_full_glass@2x.png */; };
		C38E0E001C0464D7008FA999 /* img_full_glass@3x.png in Resources */ = {isa = PBXBuildFile; fileRef = C38E0DD61C0464D7008FA999 /* img_full_glass@3x.png */; };
		C38E0E011C0464D7008FA999 /* img_morning@2x.png in Resources */ = {isa = PBXBuildFile; fileRef = C38E0DD71C0464D7008FA999 /* img_morning@2x.png */; };
		C38E0E021C0464D7008FA999 /* img_morning@3x.png in Resources */ = {isa = PBXBuildFile; fileRef = C38E0DD81C0464D7008FA999 /* img_morning@3x.png */; };
		C38E0E031C0464D7008FA999 /* img_night@2x.png in Resources */ = {isa = PBXBuildFile; fileRef = C38E0DD91C0464D7008FA999 /* img_night@2x.png */; };
		C38E0E041C0464D7008FA999 /* img_night@3x.png in Resources */ = {isa = PBXBuildFile; fileRef = C38E0DDA1C0464D7008FA999 /* img_night@3x.png */; };
		C38E0E051C0464D7008FA999 /* info@2x.png in Resources */ = {isa = PBXBuildFile; fileRef = C38E0DDB1C0464D7008FA999 /* info@2x.png */; };
		C38E0E061C0464D7008FA999 /* info@3x.png in Resources */ = {isa = PBXBuildFile; fileRef = C38E0DDC1C0464D7008FA999 /* info@3x.png */; };
		C38E0E071C0464D7008FA999 /* mail@2x.png in Resources */ = {isa = PBXBuildFile; fileRef = C38E0DDD1C0464D7008FA999 /* mail@2x.png */; };
		C38E0E081C0464D7008FA999 /* mail@3x.png in Resources */ = {isa = PBXBuildFile; fileRef = C38E0DDE1C0464D7008FA999 /* mail@3x.png */; };
		C38E0E091C0464D7008FA999 /* menu@2x.png in Resources */ = {isa = PBXBuildFile; fileRef = C38E0DDF1C0464D7008FA999 /* menu@2x.png */; };
		C38E0E0A1C0464D7008FA999 /* menu@3x.png in Resources */ = {isa = PBXBuildFile; fileRef = C38E0DE01C0464D7008FA999 /* menu@3x.png */; };
		C38E0E0B1C0464D7008FA999 /* play@2x.png in Resources */ = {isa = PBXBuildFile; fileRef = C38E0DE11C0464D7008FA999 /* play@2x.png */; };
		C38E0E0C1C0464D7008FA999 /* play@3x.png in Resources */ = {isa = PBXBuildFile; fileRef = C38E0DE21C0464D7008FA999 /* play@3x.png */; };
		C38E0E0F1C0465F0008FA999 /* Person.m in Sources */ = {isa = PBXBuildFile; fileRef = C38E0E0E1C0465F0008FA999 /* Person.m */; };
		C38E0E131C047EDB008FA999 /* HistogramView.m in Sources */ = {isa = PBXBuildFile; fileRef = C38E0E121C047EDB008FA999 /* HistogramView.m */; };
		C3F1BA9A1C04A03F005DF91B /* PersonalDataViewController.m in Sources */ = {isa = PBXBuildFile; fileRef = C3F1BA981C04A03F005DF91B /* PersonalDataViewController.m */; };
		C3F1BA9B1C04A03F005DF91B /* PersonalDataViewController.xib in Resources */ = {isa = PBXBuildFile; fileRef = C3F1BA991C04A03F005DF91B /* PersonalDataViewController.xib */; };
		C703300F1C0C52D3007A4734 /* Recipe.m in Sources */ = {isa = PBXBuildFile; fileRef = C703300E1C0C52D3007A4734 /* Recipe.m */; };
		C72CD4BF1C04ADBB00DAE3D4 /* DataManager.m in Sources */ = {isa = PBXBuildFile; fileRef = C72CD4BE1C04ADBB00DAE3D4 /* DataManager.m */; };
		C74DC9A11C10668A0055EF29 /* AVKit.framework in Frameworks */ = {isa = PBXBuildFile; fileRef = C74DC9A01C10668A0055EF29 /* AVKit.framework */; };
		C76B5B231C06F2600035FDD9 /* Eating+CoreDataProperties.m in Sources */ = {isa = PBXBuildFile; fileRef = C76B5B201C06F2600035FDD9 /* Eating+CoreDataProperties.m */; };
		C76B5B241C06F2600035FDD9 /* Eating.m in Sources */ = {isa = PBXBuildFile; fileRef = C76B5B221C06F2600035FDD9 /* Eating.m */; };
		C7C7F7A01C17100900024D2C /* img_repeat@2x.png in Resources */ = {isa = PBXBuildFile; fileRef = C7C7F79C1C17100900024D2C /* img_repeat@2x.png */; };
		C7C7F7A11C17100900024D2C /* img_repeat@3x.png in Resources */ = {isa = PBXBuildFile; fileRef = C7C7F79D1C17100900024D2C /* img_repeat@3x.png */; };
		C7C7F7A21C17100900024D2C /* img_timer@2x.png in Resources */ = {isa = PBXBuildFile; fileRef = C7C7F79E1C17100900024D2C /* img_timer@2x.png */; };
		C7C7F7A31C17100900024D2C /* img_timer@3x.png in Resources */ = {isa = PBXBuildFile; fileRef = C7C7F79F1C17100900024D2C /* img_timer@3x.png */; };
		C7C7F7A91C17117600024D2C /* Exercise.m in Sources */ = {isa = PBXBuildFile; fileRef = C7C7F7A81C17117600024D2C /* Exercise.m */; };
		C7FEDAC81C0F30AA002B81BE /* WaterGlassButton.m in Sources */ = {isa = PBXBuildFile; fileRef = C7FEDAC71C0F30AA002B81BE /* WaterGlassButton.m */; };
		EA4ED95E1C0F1A61008CE79D /* dot_blue@2x.png in Resources */ = {isa = PBXBuildFile; fileRef = EA4ED95A1C0F1A61008CE79D /* dot_blue@2x.png */; };
		EA4ED95F1C0F1A61008CE79D /* dot_blue@3x.png in Resources */ = {isa = PBXBuildFile; fileRef = EA4ED95B1C0F1A61008CE79D /* dot_blue@3x.png */; };
		EA4ED9601C0F1A61008CE79D /* dot_red@2x.png in Resources */ = {isa = PBXBuildFile; fileRef = EA4ED95C1C0F1A61008CE79D /* dot_red@2x.png */; };
		EA4ED9611C0F1A61008CE79D /* dot_red@3x.png in Resources */ = {isa = PBXBuildFile; fileRef = EA4ED95D1C0F1A61008CE79D /* dot_red@3x.png */; };
		EA61D6951C16C43100BB2DE0 /* ExerciseDetailsViewController.m in Sources */ = {isa = PBXBuildFile; fileRef = EA61D6931C16C43100BB2DE0 /* ExerciseDetailsViewController.m */; };
		EA61D6961C16C43100BB2DE0 /* ExerciseDetailsViewController.xib in Resources */ = {isa = PBXBuildFile; fileRef = EA61D6941C16C43100BB2DE0 /* ExerciseDetailsViewController.xib */; };
		EA61D69B1C16C4A000BB2DE0 /* ExercisesTableViewCell.m in Sources */ = {isa = PBXBuildFile; fileRef = EA61D6991C16C4A000BB2DE0 /* ExercisesTableViewCell.m */; };
		EA61D69C1C16C4A000BB2DE0 /* ExercisesTableViewCell.xib in Resources */ = {isa = PBXBuildFile; fileRef = EA61D69A1C16C4A000BB2DE0 /* ExercisesTableViewCell.xib */; };
		EA61D6A21C16F34A00BB2DE0 /* UIButton+Block.m in Sources */ = {isa = PBXBuildFile; fileRef = EA61D69F1C16F34A00BB2DE0 /* UIButton+Block.m */; settings = {COMPILER_FLAGS = "-fno-objc-arc"; }; };
		EA61D6A31C16F34A00BB2DE0 /* UIViewController+CustomDraw.m in Sources */ = {isa = PBXBuildFile; fileRef = EA61D6A11C16F34A00BB2DE0 /* UIViewController+CustomDraw.m */; settings = {COMPILER_FLAGS = "-fno-objc-arc"; }; };
		EA68B0001C059905008C22D2 /* Localizable.strings in Resources */ = {isa = PBXBuildFile; fileRef = EA68B0021C059905008C22D2 /* Localizable.strings */; };
		EA68B0061C059FFF008C22D2 /* guide_1.png in Resources */ = {isa = PBXBuildFile; fileRef = EA68B0031C059FFF008C22D2 /* guide_1.png */; };
		EA68B0071C059FFF008C22D2 /* guide_2.png in Resources */ = {isa = PBXBuildFile; fileRef = EA68B0041C059FFF008C22D2 /* guide_2.png */; };
		EA68B0081C059FFF008C22D2 /* guide_3.png in Resources */ = {isa = PBXBuildFile; fileRef = EA68B0051C059FFF008C22D2 /* guide_3.png */; };
		EA68B0131C05AC9E008C22D2 /* Helper.m in Sources */ = {isa = PBXBuildFile; fileRef = EA68B0121C05AC9E008C22D2 /* Helper.m */; };
		EA68B0161C05D15D008C22D2 /* UIImageEffects.m in Sources */ = {isa = PBXBuildFile; fileRef = EA68B0151C05D15D008C22D2 /* UIImageEffects.m */; };
		EA68B0191C05D5E1008C22D2 /* UIView+Snapshot.m in Sources */ = {isa = PBXBuildFile; fileRef = EA68B0181C05D5E1008C22D2 /* UIView+Snapshot.m */; };
		EA68B02B1C05E766008C22D2 /* menu_breakfast@2x.png in Resources */ = {isa = PBXBuildFile; fileRef = EA68B01B1C05E766008C22D2 /* menu_breakfast@2x.png */; };
		EA68B02C1C05E766008C22D2 /* menu_breakfast@3x.png in Resources */ = {isa = PBXBuildFile; fileRef = EA68B01C1C05E766008C22D2 /* menu_breakfast@3x.png */; };
		EA68B02D1C05E766008C22D2 /* menu_breakfast_highlighted@2x.png in Resources */ = {isa = PBXBuildFile; fileRef = EA68B01D1C05E766008C22D2 /* menu_breakfast_highlighted@2x.png */; };
		EA68B02E1C05E766008C22D2 /* menu_breakfast_highlighted@3x.png in Resources */ = {isa = PBXBuildFile; fileRef = EA68B01E1C05E766008C22D2 /* menu_breakfast_highlighted@3x.png */; };
		EA68B02F1C05E766008C22D2 /* menu_dinner@2x.png in Resources */ = {isa = PBXBuildFile; fileRef = EA68B01F1C05E766008C22D2 /* menu_dinner@2x.png */; };
		EA68B0301C05E766008C22D2 /* menu_dinner@3x.png in Resources */ = {isa = PBXBuildFile; fileRef = EA68B0201C05E766008C22D2 /* menu_dinner@3x.png */; };
		EA68B0311C05E766008C22D2 /* menu_dinner_highlighted@2x.png in Resources */ = {isa = PBXBuildFile; fileRef = EA68B0211C05E766008C22D2 /* menu_dinner_highlighted@2x.png */; };
		EA68B0321C05E766008C22D2 /* menu_dinner_highlighted@3x.png in Resources */ = {isa = PBXBuildFile; fileRef = EA68B0221C05E766008C22D2 /* menu_dinner_highlighted@3x.png */; };
		EA68B0331C05E766008C22D2 /* menu_lunch@2x.png in Resources */ = {isa = PBXBuildFile; fileRef = EA68B0231C05E766008C22D2 /* menu_lunch@2x.png */; };
		EA68B0341C05E766008C22D2 /* menu_lunch@3x.png in Resources */ = {isa = PBXBuildFile; fileRef = EA68B0241C05E766008C22D2 /* menu_lunch@3x.png */; };
		EA68B0351C05E766008C22D2 /* menu_lunch_highlighted@2x.png in Resources */ = {isa = PBXBuildFile; fileRef = EA68B0251C05E766008C22D2 /* menu_lunch_highlighted@2x.png */; };
		EA68B0361C05E766008C22D2 /* menu_lunch_highlighted@3x.png in Resources */ = {isa = PBXBuildFile; fileRef = EA68B0261C05E766008C22D2 /* menu_lunch_highlighted@3x.png */; };
		EA68B0371C05E766008C22D2 /* menu_second_breakfast@2x.png in Resources */ = {isa = PBXBuildFile; fileRef = EA68B0271C05E766008C22D2 /* menu_second_breakfast@2x.png */; };
		EA68B0381C05E766008C22D2 /* menu_second_breakfast@3x.png in Resources */ = {isa = PBXBuildFile; fileRef = EA68B0281C05E766008C22D2 /* menu_second_breakfast@3x.png */; };
		EA68B0391C05E766008C22D2 /* menu_second_breakfast_highlighted@2x.png in Resources */ = {isa = PBXBuildFile; fileRef = EA68B0291C05E766008C22D2 /* menu_second_breakfast_highlighted@2x.png */; };
		EA68B03A1C05E766008C22D2 /* menu_second_breakfast_highlighted@3x.png in Resources */ = {isa = PBXBuildFile; fileRef = EA68B02A1C05E766008C22D2 /* menu_second_breakfast_highlighted@3x.png */; };
		EA816CE61C181222001B0E73 /* img_launchscreen@2x.png in Resources */ = {isa = PBXBuildFile; fileRef = EA816CE41C181222001B0E73 /* img_launchscreen@2x.png */; };
		EA816CE71C181222001B0E73 /* img_launchscreen@3x.png in Resources */ = {isa = PBXBuildFile; fileRef = EA816CE51C181222001B0E73 /* img_launchscreen@3x.png */; };
		EA9F65F61C05F569009A8F23 /* MainMenuViewController.m in Sources */ = {isa = PBXBuildFile; fileRef = EA9F65F41C05F569009A8F23 /* MainMenuViewController.m */; };
		EA9F65F71C05F569009A8F23 /* MainMenuViewController.xib in Resources */ = {isa = PBXBuildFile; fileRef = EA9F65F51C05F569009A8F23 /* MainMenuViewController.xib */; };
		EA9F65FB1C05F88B009A8F23 /* MealsMenuTableViewCell.m in Sources */ = {isa = PBXBuildFile; fileRef = EA9F65F91C05F88B009A8F23 /* MealsMenuTableViewCell.m */; };
		EA9F65FC1C05F88B009A8F23 /* MealsMenuTableViewCell.xib in Resources */ = {isa = PBXBuildFile; fileRef = EA9F65FA1C05F88B009A8F23 /* MealsMenuTableViewCell.xib */; };
		EA9F66081C05FCB4009A8F23 /* btn_foot@2x.png in Resources */ = {isa = PBXBuildFile; fileRef = EA9F65FE1C05FCB4009A8F23 /* btn_foot@2x.png */; };
		EA9F66091C05FCB4009A8F23 /* btn_foot@3x.png in Resources */ = {isa = PBXBuildFile; fileRef = EA9F65FF1C05FCB4009A8F23 /* btn_foot@3x.png */; };
		EA9F660A1C05FCB4009A8F23 /* btn_kkal@2x.png in Resources */ = {isa = PBXBuildFile; fileRef = EA9F66001C05FCB4009A8F23 /* btn_kkal@2x.png */; };
		EA9F660B1C05FCB4009A8F23 /* btn_kkal@3x.png in Resources */ = {isa = PBXBuildFile; fileRef = EA9F66011C05FCB4009A8F23 /* btn_kkal@3x.png */; };
		EA9F660C1C05FCB4009A8F23 /* btn_menu_close@2x.png in Resources */ = {isa = PBXBuildFile; fileRef = EA9F66021C05FCB4009A8F23 /* btn_menu_close@2x.png */; };
		EA9F660D1C05FCB4009A8F23 /* btn_menu_close@3x.png in Resources */ = {isa = PBXBuildFile; fileRef = EA9F66031C05FCB4009A8F23 /* btn_menu_close@3x.png */; };
		EA9F660E1C05FCB4009A8F23 /* btn_ok@1x.png in Resources */ = {isa = PBXBuildFile; fileRef = EA9F66041C05FCB4009A8F23 /* btn_ok@1x.png */; };
		EA9F660F1C05FCB4009A8F23 /* btn_ok@3x.png in Resources */ = {isa = PBXBuildFile; fileRef = EA9F66051C05FCB4009A8F23 /* btn_ok@3x.png */; };
		EA9F66101C05FCB4009A8F23 /* btn_water@2x.png in Resources */ = {isa = PBXBuildFile; fileRef = EA9F66061C05FCB4009A8F23 /* btn_water@2x.png */; };
		EA9F66111C05FCB4009A8F23 /* btn_water@3x.png in Resources */ = {isa = PBXBuildFile; fileRef = EA9F66071C05FCB4009A8F23 /* btn_water@3x.png */; };
		EAB43A421C0C51FF000F83F0 /* NSMutableArray+pieEx.m in Sources */ = {isa = PBXBuildFile; fileRef = EAB43A3A1C0C51FF000F83F0 /* NSMutableArray+pieEx.m */; };
		EAB43A431C0C51FF000F83F0 /* PieElement.m in Sources */ = {isa = PBXBuildFile; fileRef = EAB43A3C1C0C51FF000F83F0 /* PieElement.m */; };
		EAB43A441C0C51FF000F83F0 /* PieLayer.m in Sources */ = {isa = PBXBuildFile; fileRef = EAB43A3E1C0C51FF000F83F0 /* PieLayer.m */; };
		EAB43A451C0C51FF000F83F0 /* UICountingLabel.m in Sources */ = {isa = PBXBuildFile; fileRef = EAB43A411C0C51FF000F83F0 /* UICountingLabel.m */; };
		EAB43A491C0C521F000F83F0 /* CaloriesPieChartView.m in Sources */ = {isa = PBXBuildFile; fileRef = EAB43A481C0C521F000F83F0 /* CaloriesPieChartView.m */; };
		EAECB7DB1C0D8841002D8D06 /* MainMenuTableViewCell.m in Sources */ = {isa = PBXBuildFile; fileRef = EAECB7D91C0D8841002D8D06 /* MainMenuTableViewCell.m */; };
		EAECB7DC1C0D8841002D8D06 /* MainMenuTableViewCell.xib in Resources */ = {isa = PBXBuildFile; fileRef = EAECB7DA1C0D8841002D8D06 /* MainMenuTableViewCell.xib */; };
		EAF619181C0ED57A00537F75 /* UIImage+Color.m in Sources */ = {isa = PBXBuildFile; fileRef = EAF619171C0ED57A00537F75 /* UIImage+Color.m */; };
/* End PBXBuildFile section */

/* Begin PBXContainerItemProxy section */
		C34BC9021C044E41007E75CD /* PBXContainerItemProxy */ = {
			isa = PBXContainerItemProxy;
			containerPortal = C34BC8DD1C044E40007E75CD /* Project object */;
			proxyType = 1;
			remoteGlobalIDString = C34BC8E41C044E40007E75CD;
			remoteInfo = ProHealth;
		};
/* End PBXContainerItemProxy section */

/* Begin PBXFileReference section */
		C34BC8E51C044E40007E75CD /* ProHealth.app */ = {isa = PBXFileReference; explicitFileType = wrapper.application; includeInIndex = 0; path = ProHealth.app; sourceTree = BUILT_PRODUCTS_DIR; };
		C34BC8E91C044E40007E75CD /* main.m */ = {isa = PBXFileReference; lastKnownFileType = sourcecode.c.objc; path = main.m; sourceTree = "<group>"; };
		C34BC8EB1C044E40007E75CD /* AppDelegate.h */ = {isa = PBXFileReference; lastKnownFileType = sourcecode.c.h; path = AppDelegate.h; sourceTree = "<group>"; };
		C34BC8EC1C044E40007E75CD /* AppDelegate.m */ = {isa = PBXFileReference; lastKnownFileType = sourcecode.c.objc; path = AppDelegate.m; sourceTree = "<group>"; };
		C34BC8F71C044E40007E75CD /* Assets.xcassets */ = {isa = PBXFileReference; lastKnownFileType = folder.assetcatalog; path = Assets.xcassets; sourceTree = "<group>"; };
		C34BC8FC1C044E40007E75CD /* Info.plist */ = {isa = PBXFileReference; lastKnownFileType = text.plist.xml; path = Info.plist; sourceTree = "<group>"; };
		C34BC9011C044E41007E75CD /* ProHealthTests.xctest */ = {isa = PBXFileReference; explicitFileType = wrapper.cfbundle; includeInIndex = 0; path = ProHealthTests.xctest; sourceTree = BUILT_PRODUCTS_DIR; };
		C34BC9051C044E41007E75CD /* ProHealthTests.m */ = {isa = PBXFileReference; lastKnownFileType = sourcecode.c.objc; path = ProHealthTests.m; sourceTree = "<group>"; };
		C34BC9071C044E41007E75CD /* Info.plist */ = {isa = PBXFileReference; lastKnownFileType = text.plist.xml; path = Info.plist; sourceTree = "<group>"; };
		C34BC91B1C044F88007E75CD /* MealsMenuViewController.h */ = {isa = PBXFileReference; fileEncoding = 4; lastKnownFileType = sourcecode.c.h; path = MealsMenuViewController.h; sourceTree = "<group>"; };
		C34BC91C1C044F88007E75CD /* MealsMenuViewController.m */ = {isa = PBXFileReference; fileEncoding = 4; lastKnownFileType = sourcecode.c.objc; path = MealsMenuViewController.m; sourceTree = "<group>"; };
		C34BC91D1C044F88007E75CD /* MealsMenuViewController.xib */ = {isa = PBXFileReference; fileEncoding = 4; lastKnownFileType = file.xib; path = MealsMenuViewController.xib; sourceTree = "<group>"; };
		C34BC9201C044FC7007E75CD /* StartViewController.h */ = {isa = PBXFileReference; fileEncoding = 4; lastKnownFileType = sourcecode.c.h; path = StartViewController.h; sourceTree = "<group>"; };
		C34BC9211C044FC7007E75CD /* StartViewController.m */ = {isa = PBXFileReference; fileEncoding = 4; lastKnownFileType = sourcecode.c.objc; path = StartViewController.m; sourceTree = "<group>"; };
		C34BC9221C044FC7007E75CD /* StartViewController.xib */ = {isa = PBXFileReference; fileEncoding = 4; lastKnownFileType = file.xib; path = StartViewController.xib; sourceTree = "<group>"; };
		C34BC9251C044FFA007E75CD /* GuideViewController.h */ = {isa = PBXFileReference; fileEncoding = 4; lastKnownFileType = sourcecode.c.h; path = GuideViewController.h; sourceTree = "<group>"; };
		C34BC9261C044FFA007E75CD /* GuideViewController.m */ = {isa = PBXFileReference; fileEncoding = 4; lastKnownFileType = sourcecode.c.objc; path = GuideViewController.m; sourceTree = "<group>"; };
		C34BC9271C044FFA007E75CD /* GuideViewController.xib */ = {isa = PBXFileReference; fileEncoding = 4; lastKnownFileType = file.xib; path = GuideViewController.xib; sourceTree = "<group>"; };
		C34BC92A1C045015007E75CD /* WaterViewController.h */ = {isa = PBXFileReference; fileEncoding = 4; lastKnownFileType = sourcecode.c.h; path = WaterViewController.h; sourceTree = "<group>"; };
		C34BC92B1C045015007E75CD /* WaterViewController.m */ = {isa = PBXFileReference; fileEncoding = 4; lastKnownFileType = sourcecode.c.objc; path = WaterViewController.m; sourceTree = "<group>"; };
		C34BC92C1C045015007E75CD /* WaterViewController.xib */ = {isa = PBXFileReference; fileEncoding = 4; lastKnownFileType = file.xib; path = WaterViewController.xib; sourceTree = "<group>"; };
		C34BC92F1C04502A007E75CD /* CaloriesViewController.h */ = {isa = PBXFileReference; fileEncoding = 4; lastKnownFileType = sourcecode.c.h; path = CaloriesViewController.h; sourceTree = "<group>"; };
		C34BC9301C04502A007E75CD /* CaloriesViewController.m */ = {isa = PBXFileReference; fileEncoding = 4; lastKnownFileType = sourcecode.c.objc; path = CaloriesViewController.m; sourceTree = "<group>"; };
		C34BC9311C04502A007E75CD /* CaloriesViewController.xib */ = {isa = PBXFileReference; fileEncoding = 4; lastKnownFileType = file.xib; path = CaloriesViewController.xib; sourceTree = "<group>"; };
		C34BC9341C04505B007E75CD /* PersonalStatsViewController.h */ = {isa = PBXFileReference; fileEncoding = 4; lastKnownFileType = sourcecode.c.h; path = PersonalStatsViewController.h; sourceTree = "<group>"; };
		C34BC9351C04505B007E75CD /* PersonalStatsViewController.m */ = {isa = PBXFileReference; fileEncoding = 4; lastKnownFileType = sourcecode.c.objc; path = PersonalStatsViewController.m; sourceTree = "<group>"; };
		C34BC9361C04505B007E75CD /* PersonalStatsViewController.xib */ = {isa = PBXFileReference; fileEncoding = 4; lastKnownFileType = file.xib; path = PersonalStatsViewController.xib; sourceTree = "<group>"; };
		C34BC9391C045095007E75CD /* ExercisesViewController.h */ = {isa = PBXFileReference; fileEncoding = 4; lastKnownFileType = sourcecode.c.h; path = ExercisesViewController.h; sourceTree = "<group>"; };
		C34BC93A1C045095007E75CD /* ExercisesViewController.m */ = {isa = PBXFileReference; fileEncoding = 4; lastKnownFileType = sourcecode.c.objc; path = ExercisesViewController.m; sourceTree = "<group>"; };
		C34BC93B1C045095007E75CD /* ExercisesViewController.xib */ = {isa = PBXFileReference; fileEncoding = 4; lastKnownFileType = file.xib; path = ExercisesViewController.xib; sourceTree = "<group>"; };
		C34BC93E1C0450CE007E75CD /* TipsViewController.h */ = {isa = PBXFileReference; fileEncoding = 4; lastKnownFileType = sourcecode.c.h; path = TipsViewController.h; sourceTree = "<group>"; };
		C34BC93F1C0450CE007E75CD /* TipsViewController.m */ = {isa = PBXFileReference; fileEncoding = 4; lastKnownFileType = sourcecode.c.objc; path = TipsViewController.m; sourceTree = "<group>"; };
		C34BC9401C0450CE007E75CD /* TipsViewController.xib */ = {isa = PBXFileReference; fileEncoding = 4; lastKnownFileType = file.xib; path = TipsViewController.xib; sourceTree = "<group>"; };
		C34BC9481C045102007E75CD /* RecipeDetailsViewController.h */ = {isa = PBXFileReference; fileEncoding = 4; lastKnownFileType = sourcecode.c.h; path = RecipeDetailsViewController.h; sourceTree = "<group>"; };
		C34BC9491C045102007E75CD /* RecipeDetailsViewController.m */ = {isa = PBXFileReference; fileEncoding = 4; lastKnownFileType = sourcecode.c.objc; path = RecipeDetailsViewController.m; sourceTree = "<group>"; };
		C34BC94A1C045102007E75CD /* RecipeDetailsViewController.xib */ = {isa = PBXFileReference; fileEncoding = 4; lastKnownFileType = file.xib; path = RecipeDetailsViewController.xib; sourceTree = "<group>"; };
		C34BC94D1C04510F007E75CD /* RecipesViewController.h */ = {isa = PBXFileReference; fileEncoding = 4; lastKnownFileType = sourcecode.c.h; path = RecipesViewController.h; sourceTree = "<group>"; };
		C34BC94E1C04510F007E75CD /* RecipesViewController.m */ = {isa = PBXFileReference; fileEncoding = 4; lastKnownFileType = sourcecode.c.objc; path = RecipesViewController.m; sourceTree = "<group>"; };
		C34BC94F1C04510F007E75CD /* RecipesViewController.xib */ = {isa = PBXFileReference; fileEncoding = 4; lastKnownFileType = file.xib; path = RecipesViewController.xib; sourceTree = "<group>"; };
		C34BC9521C04515D007E75CD /* SettingsViewController.h */ = {isa = PBXFileReference; fileEncoding = 4; lastKnownFileType = sourcecode.c.h; path = SettingsViewController.h; sourceTree = "<group>"; };
		C34BC9531C04515D007E75CD /* SettingsViewController.m */ = {isa = PBXFileReference; fileEncoding = 4; lastKnownFileType = sourcecode.c.objc; path = SettingsViewController.m; sourceTree = "<group>"; };
		C34BC9541C04515D007E75CD /* SettingsViewController.xib */ = {isa = PBXFileReference; fileEncoding = 4; lastKnownFileType = file.xib; path = SettingsViewController.xib; sourceTree = "<group>"; };
		C34BC9641C04528D007E75CD /* RecipesTableViewCell.h */ = {isa = PBXFileReference; fileEncoding = 4; lastKnownFileType = sourcecode.c.h; path = RecipesTableViewCell.h; sourceTree = "<group>"; };
		C34BC9651C04528D007E75CD /* RecipesTableViewCell.m */ = {isa = PBXFileReference; fileEncoding = 4; lastKnownFileType = sourcecode.c.objc; path = RecipesTableViewCell.m; sourceTree = "<group>"; };
		C34BC9661C04528D007E75CD /* RecipesTableViewCell.xib */ = {isa = PBXFileReference; fileEncoding = 4; lastKnownFileType = file.xib; path = RecipesTableViewCell.xib; sourceTree = "<group>"; };
		C34BC9731C0455C9007E75CD /* ProHealth.xcdatamodel */ = {isa = PBXFileReference; lastKnownFileType = wrapper.xcdatamodel; path = ProHealth.xcdatamodel; sourceTree = "<group>"; };
		C38E0DB91C0464D7008FA999 /* add@2x.png */ = {isa = PBXFileReference; lastKnownFileType = image.png; path = "add@2x.png"; sourceTree = "<group>"; };
		C38E0DBA1C0464D7008FA999 /* add@3x.png */ = {isa = PBXFileReference; lastKnownFileType = image.png; path = "add@3x.png"; sourceTree = "<group>"; };
		C38E0DBB1C0464D7008FA999 /* arrow_back@2x.png */ = {isa = PBXFileReference; lastKnownFileType = image.png; path = "arrow_back@2x.png"; sourceTree = "<group>"; };
		C38E0DBC1C0464D7008FA999 /* arrow_back@3x.png */ = {isa = PBXFileReference; lastKnownFileType = image.png; path = "arrow_back@3x.png"; sourceTree = "<group>"; };
		C38E0DBD1C0464D7008FA999 /* back@2x.png */ = {isa = PBXFileReference; lastKnownFileType = image.png; path = "back@2x.png"; sourceTree = "<group>"; };
		C38E0DBE1C0464D7008FA999 /* back@3x.png */ = {isa = PBXFileReference; lastKnownFileType = image.png; path = "back@3x.png"; sourceTree = "<group>"; };
		C38E0DBF1C0464D7008FA999 /* cancel@2x.png */ = {isa = PBXFileReference; lastKnownFileType = image.png; path = "cancel@2x.png"; sourceTree = "<group>"; };
		C38E0DC01C0464D7008FA999 /* cancel@3x.png */ = {isa = PBXFileReference; lastKnownFileType = image.png; path = "cancel@3x.png"; sourceTree = "<group>"; };
		C38E0DC11C0464D7008FA999 /* chek@2x.png */ = {isa = PBXFileReference; lastKnownFileType = image.png; path = "chek@2x.png"; sourceTree = "<group>"; };
		C38E0DC21C0464D7008FA999 /* chek@3x.png */ = {isa = PBXFileReference; lastKnownFileType = image.png; path = "chek@3x.png"; sourceTree = "<group>"; };
		C38E0DC31C0464D7008FA999 /* clip@2x.png */ = {isa = PBXFileReference; lastKnownFileType = image.png; path = "clip@2x.png"; sourceTree = "<group>"; };
		C38E0DC41C0464D7008FA999 /* clip@3x.png */ = {isa = PBXFileReference; lastKnownFileType = image.png; path = "clip@3x.png"; sourceTree = "<group>"; };
		C38E0DC51C0464D7008FA999 /* gear@2x.png */ = {isa = PBXFileReference; lastKnownFileType = image.png; path = "gear@2x.png"; sourceTree = "<group>"; };
		C38E0DC61C0464D7008FA999 /* gear@3x.png */ = {isa = PBXFileReference; lastKnownFileType = image.png; path = "gear@3x.png"; sourceTree = "<group>"; };
		C38E0DC71C0464D7008FA999 /* icon_fire@2x.png */ = {isa = PBXFileReference; lastKnownFileType = image.png; path = "icon_fire@2x.png"; sourceTree = "<group>"; };
		C38E0DC81C0464D7008FA999 /* icon_fire@3x.png */ = {isa = PBXFileReference; lastKnownFileType = image.png; path = "icon_fire@3x.png"; sourceTree = "<group>"; };
		C38E0DC91C0464D7008FA999 /* icon_foot@2x.png */ = {isa = PBXFileReference; lastKnownFileType = image.png; path = "icon_foot@2x.png"; sourceTree = "<group>"; };
		C38E0DCA1C0464D7008FA999 /* icon_foot@3x.png */ = {isa = PBXFileReference; lastKnownFileType = image.png; path = "icon_foot@3x.png"; sourceTree = "<group>"; };
		C38E0DCB1C0464D7008FA999 /* icon_water@2x.png */ = {isa = PBXFileReference; lastKnownFileType = image.png; path = "icon_water@2x.png"; sourceTree = "<group>"; };
		C38E0DCC1C0464D7008FA999 /* icon_water@3x.png */ = {isa = PBXFileReference; lastKnownFileType = image.png; path = "icon_water@3x.png"; sourceTree = "<group>"; };
		C38E0DCD1C0464D7008FA999 /* img_add_glass@2x.png */ = {isa = PBXFileReference; lastKnownFileType = image.png; path = "img_add_glass@2x.png"; sourceTree = "<group>"; };
		C38E0DCE1C0464D7008FA999 /* img_add_glass@3x.png */ = {isa = PBXFileReference; lastKnownFileType = image.png; path = "img_add_glass@3x.png"; sourceTree = "<group>"; };
		C38E0DCF1C0464D7008FA999 /* img_afternoon@2x.png */ = {isa = PBXFileReference; lastKnownFileType = image.png; path = "img_afternoon@2x.png"; sourceTree = "<group>"; };
		C38E0DD01C0464D7008FA999 /* img_afternoon@3x.png */ = {isa = PBXFileReference; lastKnownFileType = image.png; path = "img_afternoon@3x.png"; sourceTree = "<group>"; };
		C38E0DD11C0464D7008FA999 /* img_empty_glass@2x.png */ = {isa = PBXFileReference; lastKnownFileType = image.png; path = "img_empty_glass@2x.png"; sourceTree = "<group>"; };
		C38E0DD21C0464D7008FA999 /* img_empty_glass@3x.png */ = {isa = PBXFileReference; lastKnownFileType = image.png; path = "img_empty_glass@3x.png"; sourceTree = "<group>"; };
		C38E0DD31C0464D7008FA999 /* img_evening@2x.png */ = {isa = PBXFileReference; lastKnownFileType = image.png; path = "img_evening@2x.png"; sourceTree = "<group>"; };
		C38E0DD41C0464D7008FA999 /* img_evening@3x.png */ = {isa = PBXFileReference; lastKnownFileType = image.png; path = "img_evening@3x.png"; sourceTree = "<group>"; };
		C38E0DD51C0464D7008FA999 /* img_full_glass@2x.png */ = {isa = PBXFileReference; lastKnownFileType = image.png; path = "img_full_glass@2x.png"; sourceTree = "<group>"; };
		C38E0DD61C0464D7008FA999 /* img_full_glass@3x.png */ = {isa = PBXFileReference; lastKnownFileType = image.png; path = "img_full_glass@3x.png"; sourceTree = "<group>"; };
		C38E0DD71C0464D7008FA999 /* img_morning@2x.png */ = {isa = PBXFileReference; lastKnownFileType = image.png; path = "img_morning@2x.png"; sourceTree = "<group>"; };
		C38E0DD81C0464D7008FA999 /* img_morning@3x.png */ = {isa = PBXFileReference; lastKnownFileType = image.png; path = "img_morning@3x.png"; sourceTree = "<group>"; };
		C38E0DD91C0464D7008FA999 /* img_night@2x.png */ = {isa = PBXFileReference; lastKnownFileType = image.png; path = "img_night@2x.png"; sourceTree = "<group>"; };
		C38E0DDA1C0464D7008FA999 /* img_night@3x.png */ = {isa = PBXFileReference; lastKnownFileType = image.png; path = "img_night@3x.png"; sourceTree = "<group>"; };
		C38E0DDB1C0464D7008FA999 /* info@2x.png */ = {isa = PBXFileReference; lastKnownFileType = image.png; path = "info@2x.png"; sourceTree = "<group>"; };
		C38E0DDC1C0464D7008FA999 /* info@3x.png */ = {isa = PBXFileReference; lastKnownFileType = image.png; path = "info@3x.png"; sourceTree = "<group>"; };
		C38E0DDD1C0464D7008FA999 /* mail@2x.png */ = {isa = PBXFileReference; lastKnownFileType = image.png; path = "mail@2x.png"; sourceTree = "<group>"; };
		C38E0DDE1C0464D7008FA999 /* mail@3x.png */ = {isa = PBXFileReference; lastKnownFileType = image.png; path = "mail@3x.png"; sourceTree = "<group>"; };
		C38E0DDF1C0464D7008FA999 /* menu@2x.png */ = {isa = PBXFileReference; lastKnownFileType = image.png; path = "menu@2x.png"; sourceTree = "<group>"; };
		C38E0DE01C0464D7008FA999 /* menu@3x.png */ = {isa = PBXFileReference; lastKnownFileType = image.png; path = "menu@3x.png"; sourceTree = "<group>"; };
		C38E0DE11C0464D7008FA999 /* play@2x.png */ = {isa = PBXFileReference; lastKnownFileType = image.png; path = "play@2x.png"; sourceTree = "<group>"; };
		C38E0DE21C0464D7008FA999 /* play@3x.png */ = {isa = PBXFileReference; lastKnownFileType = image.png; path = "play@3x.png"; sourceTree = "<group>"; };
		C38E0E0D1C0465F0008FA999 /* Person.h */ = {isa = PBXFileReference; fileEncoding = 4; lastKnownFileType = sourcecode.c.h; path = Person.h; sourceTree = "<group>"; };
		C38E0E0E1C0465F0008FA999 /* Person.m */ = {isa = PBXFileReference; fileEncoding = 4; lastKnownFileType = sourcecode.c.objc; path = Person.m; sourceTree = "<group>"; };
		C38E0E111C047EDB008FA999 /* HistogramView.h */ = {isa = PBXFileReference; fileEncoding = 4; lastKnownFileType = sourcecode.c.h; path = HistogramView.h; sourceTree = "<group>"; };
		C38E0E121C047EDB008FA999 /* HistogramView.m */ = {isa = PBXFileReference; fileEncoding = 4; lastKnownFileType = sourcecode.c.objc; path = HistogramView.m; sourceTree = "<group>"; };
		C3F1BA971C04A03F005DF91B /* PersonalDataViewController.h */ = {isa = PBXFileReference; fileEncoding = 4; lastKnownFileType = sourcecode.c.h; path = PersonalDataViewController.h; sourceTree = "<group>"; };
		C3F1BA981C04A03F005DF91B /* PersonalDataViewController.m */ = {isa = PBXFileReference; fileEncoding = 4; lastKnownFileType = sourcecode.c.objc; path = PersonalDataViewController.m; sourceTree = "<group>"; };
		C3F1BA991C04A03F005DF91B /* PersonalDataViewController.xib */ = {isa = PBXFileReference; fileEncoding = 4; lastKnownFileType = file.xib; path = PersonalDataViewController.xib; sourceTree = "<group>"; };
		C703300D1C0C52D3007A4734 /* Recipe.h */ = {isa = PBXFileReference; fileEncoding = 4; lastKnownFileType = sourcecode.c.h; path = Recipe.h; sourceTree = "<group>"; };
		C703300E1C0C52D3007A4734 /* Recipe.m */ = {isa = PBXFileReference; fileEncoding = 4; lastKnownFileType = sourcecode.c.objc; path = Recipe.m; sourceTree = "<group>"; };
		C72CD4BD1C04ADBB00DAE3D4 /* DataManager.h */ = {isa = PBXFileReference; fileEncoding = 4; lastKnownFileType = sourcecode.c.h; path = DataManager.h; sourceTree = "<group>"; };
		C72CD4BE1C04ADBB00DAE3D4 /* DataManager.m */ = {isa = PBXFileReference; fileEncoding = 4; lastKnownFileType = sourcecode.c.objc; path = DataManager.m; sourceTree = "<group>"; };
		C74DC9A01C10668A0055EF29 /* AVKit.framework */ = {isa = PBXFileReference; lastKnownFileType = wrapper.framework; name = AVKit.framework; path = System/Library/Frameworks/AVKit.framework; sourceTree = SDKROOT; };
		C76B5B1F1C06F2600035FDD9 /* Eating+CoreDataProperties.h */ = {isa = PBXFileReference; fileEncoding = 4; lastKnownFileType = sourcecode.c.h; path = "Eating+CoreDataProperties.h"; sourceTree = "<group>"; };
		C76B5B201C06F2600035FDD9 /* Eating+CoreDataProperties.m */ = {isa = PBXFileReference; fileEncoding = 4; lastKnownFileType = sourcecode.c.objc; path = "Eating+CoreDataProperties.m"; sourceTree = "<group>"; };
		C76B5B211C06F2600035FDD9 /* Eating.h */ = {isa = PBXFileReference; fileEncoding = 4; lastKnownFileType = sourcecode.c.h; path = Eating.h; sourceTree = "<group>"; };
		C76B5B221C06F2600035FDD9 /* Eating.m */ = {isa = PBXFileReference; fileEncoding = 4; lastKnownFileType = sourcecode.c.objc; path = Eating.m; sourceTree = "<group>"; };
		C7C7F79C1C17100900024D2C /* img_repeat@2x.png */ = {isa = PBXFileReference; lastKnownFileType = image.png; path = "img_repeat@2x.png"; sourceTree = "<group>"; };
		C7C7F79D1C17100900024D2C /* img_repeat@3x.png */ = {isa = PBXFileReference; lastKnownFileType = image.png; path = "img_repeat@3x.png"; sourceTree = "<group>"; };
		C7C7F79E1C17100900024D2C /* img_timer@2x.png */ = {isa = PBXFileReference; lastKnownFileType = image.png; path = "img_timer@2x.png"; sourceTree = "<group>"; };
		C7C7F79F1C17100900024D2C /* img_timer@3x.png */ = {isa = PBXFileReference; lastKnownFileType = image.png; path = "img_timer@3x.png"; sourceTree = "<group>"; };
		C7C7F7A71C17117600024D2C /* Exercise.h */ = {isa = PBXFileReference; fileEncoding = 4; lastKnownFileType = sourcecode.c.h; path = Exercise.h; sourceTree = "<group>"; };
		C7C7F7A81C17117600024D2C /* Exercise.m */ = {isa = PBXFileReference; fileEncoding = 4; lastKnownFileType = sourcecode.c.objc; path = Exercise.m; sourceTree = "<group>"; };
		C7FEDAC61C0F30AA002B81BE /* WaterGlassButton.h */ = {isa = PBXFileReference; fileEncoding = 4; lastKnownFileType = sourcecode.c.h; path = WaterGlassButton.h; sourceTree = "<group>"; };
		C7FEDAC71C0F30AA002B81BE /* WaterGlassButton.m */ = {isa = PBXFileReference; fileEncoding = 4; lastKnownFileType = sourcecode.c.objc; path = WaterGlassButton.m; sourceTree = "<group>"; };
		EA4ED95A1C0F1A61008CE79D /* dot_blue@2x.png */ = {isa = PBXFileReference; lastKnownFileType = image.png; path = "dot_blue@2x.png"; sourceTree = "<group>"; };
		EA4ED95B1C0F1A61008CE79D /* dot_blue@3x.png */ = {isa = PBXFileReference; lastKnownFileType = image.png; path = "dot_blue@3x.png"; sourceTree = "<group>"; };
		EA4ED95C1C0F1A61008CE79D /* dot_red@2x.png */ = {isa = PBXFileReference; lastKnownFileType = image.png; path = "dot_red@2x.png"; sourceTree = "<group>"; };
		EA4ED95D1C0F1A61008CE79D /* dot_red@3x.png */ = {isa = PBXFileReference; lastKnownFileType = image.png; path = "dot_red@3x.png"; sourceTree = "<group>"; };
		EA61D6921C16C43100BB2DE0 /* ExerciseDetailsViewController.h */ = {isa = PBXFileReference; fileEncoding = 4; lastKnownFileType = sourcecode.c.h; path = ExerciseDetailsViewController.h; sourceTree = "<group>"; };
		EA61D6931C16C43100BB2DE0 /* ExerciseDetailsViewController.m */ = {isa = PBXFileReference; fileEncoding = 4; lastKnownFileType = sourcecode.c.objc; path = ExerciseDetailsViewController.m; sourceTree = "<group>"; };
		EA61D6941C16C43100BB2DE0 /* ExerciseDetailsViewController.xib */ = {isa = PBXFileReference; fileEncoding = 4; lastKnownFileType = file.xib; path = ExerciseDetailsViewController.xib; sourceTree = "<group>"; };
		EA61D6981C16C4A000BB2DE0 /* ExercisesTableViewCell.h */ = {isa = PBXFileReference; fileEncoding = 4; lastKnownFileType = sourcecode.c.h; path = ExercisesTableViewCell.h; sourceTree = "<group>"; };
		EA61D6991C16C4A000BB2DE0 /* ExercisesTableViewCell.m */ = {isa = PBXFileReference; fileEncoding = 4; lastKnownFileType = sourcecode.c.objc; path = ExercisesTableViewCell.m; sourceTree = "<group>"; };
		EA61D69A1C16C4A000BB2DE0 /* ExercisesTableViewCell.xib */ = {isa = PBXFileReference; fileEncoding = 4; lastKnownFileType = file.xib; path = ExercisesTableViewCell.xib; sourceTree = "<group>"; };
		EA61D69E1C16F34A00BB2DE0 /* UIButton+Block.h */ = {isa = PBXFileReference; fileEncoding = 4; lastKnownFileType = sourcecode.c.h; path = "UIButton+Block.h"; sourceTree = "<group>"; };
		EA61D69F1C16F34A00BB2DE0 /* UIButton+Block.m */ = {isa = PBXFileReference; fileEncoding = 4; lastKnownFileType = sourcecode.c.objc; path = "UIButton+Block.m"; sourceTree = "<group>"; };
		EA61D6A01C16F34A00BB2DE0 /* UIViewController+CustomDraw.h */ = {isa = PBXFileReference; fileEncoding = 4; lastKnownFileType = sourcecode.c.h; path = "UIViewController+CustomDraw.h"; sourceTree = "<group>"; };
		EA61D6A11C16F34A00BB2DE0 /* UIViewController+CustomDraw.m */ = {isa = PBXFileReference; fileEncoding = 4; lastKnownFileType = sourcecode.c.objc; path = "UIViewController+CustomDraw.m"; sourceTree = "<group>"; };
		EA68B0031C059FFF008C22D2 /* guide_1.png */ = {isa = PBXFileReference; lastKnownFileType = image.png; path = guide_1.png; sourceTree = "<group>"; };
		EA68B0041C059FFF008C22D2 /* guide_2.png */ = {isa = PBXFileReference; lastKnownFileType = image.png; path = guide_2.png; sourceTree = "<group>"; };
		EA68B0051C059FFF008C22D2 /* guide_3.png */ = {isa = PBXFileReference; lastKnownFileType = image.png; path = guide_3.png; sourceTree = "<group>"; };
		EA68B0091C05A6EE008C22D2 /* Base */ = {isa = PBXFileReference; lastKnownFileType = text.plist.strings; name = Base; path = Base.lproj/Localizable.strings; sourceTree = "<group>"; };
		EA68B00A1C05A8D4008C22D2 /* ProHealth.pch */ = {isa = PBXFileReference; lastKnownFileType = sourcecode.c.h; path = ProHealth.pch; sourceTree = "<group>"; };
		EA68B0101C05AA94008C22D2 /* Macros.h */ = {isa = PBXFileReference; fileEncoding = 4; lastKnownFileType = sourcecode.c.h; path = Macros.h; sourceTree = "<group>"; };
		EA68B0111C05AC9E008C22D2 /* Helper.h */ = {isa = PBXFileReference; fileEncoding = 4; lastKnownFileType = sourcecode.c.h; path = Helper.h; sourceTree = "<group>"; };
		EA68B0121C05AC9E008C22D2 /* Helper.m */ = {isa = PBXFileReference; fileEncoding = 4; lastKnownFileType = sourcecode.c.objc; path = Helper.m; sourceTree = "<group>"; };
		EA68B0141C05D15D008C22D2 /* UIImageEffects.h */ = {isa = PBXFileReference; fileEncoding = 4; lastKnownFileType = sourcecode.c.h; path = UIImageEffects.h; sourceTree = "<group>"; };
		EA68B0151C05D15D008C22D2 /* UIImageEffects.m */ = {isa = PBXFileReference; fileEncoding = 4; lastKnownFileType = sourcecode.c.objc; path = UIImageEffects.m; sourceTree = "<group>"; };
		EA68B0171C05D5E1008C22D2 /* UIView+Snapshot.h */ = {isa = PBXFileReference; fileEncoding = 4; lastKnownFileType = sourcecode.c.h; path = "UIView+Snapshot.h"; sourceTree = "<group>"; };
		EA68B0181C05D5E1008C22D2 /* UIView+Snapshot.m */ = {isa = PBXFileReference; fileEncoding = 4; lastKnownFileType = sourcecode.c.objc; path = "UIView+Snapshot.m"; sourceTree = "<group>"; };
		EA68B01B1C05E766008C22D2 /* menu_breakfast@2x.png */ = {isa = PBXFileReference; lastKnownFileType = image.png; path = "menu_breakfast@2x.png"; sourceTree = "<group>"; };
		EA68B01C1C05E766008C22D2 /* menu_breakfast@3x.png */ = {isa = PBXFileReference; lastKnownFileType = image.png; path = "menu_breakfast@3x.png"; sourceTree = "<group>"; };
		EA68B01D1C05E766008C22D2 /* menu_breakfast_highlighted@2x.png */ = {isa = PBXFileReference; lastKnownFileType = image.png; path = "menu_breakfast_highlighted@2x.png"; sourceTree = "<group>"; };
		EA68B01E1C05E766008C22D2 /* menu_breakfast_highlighted@3x.png */ = {isa = PBXFileReference; lastKnownFileType = image.png; path = "menu_breakfast_highlighted@3x.png"; sourceTree = "<group>"; };
		EA68B01F1C05E766008C22D2 /* menu_dinner@2x.png */ = {isa = PBXFileReference; lastKnownFileType = image.png; path = "menu_dinner@2x.png"; sourceTree = "<group>"; };
		EA68B0201C05E766008C22D2 /* menu_dinner@3x.png */ = {isa = PBXFileReference; lastKnownFileType = image.png; path = "menu_dinner@3x.png"; sourceTree = "<group>"; };
		EA68B0211C05E766008C22D2 /* menu_dinner_highlighted@2x.png */ = {isa = PBXFileReference; lastKnownFileType = image.png; path = "menu_dinner_highlighted@2x.png"; sourceTree = "<group>"; };
		EA68B0221C05E766008C22D2 /* menu_dinner_highlighted@3x.png */ = {isa = PBXFileReference; lastKnownFileType = image.png; path = "menu_dinner_highlighted@3x.png"; sourceTree = "<group>"; };
		EA68B0231C05E766008C22D2 /* menu_lunch@2x.png */ = {isa = PBXFileReference; lastKnownFileType = image.png; path = "menu_lunch@2x.png"; sourceTree = "<group>"; };
		EA68B0241C05E766008C22D2 /* menu_lunch@3x.png */ = {isa = PBXFileReference; lastKnownFileType = image.png; path = "menu_lunch@3x.png"; sourceTree = "<group>"; };
		EA68B0251C05E766008C22D2 /* menu_lunch_highlighted@2x.png */ = {isa = PBXFileReference; lastKnownFileType = image.png; path = "menu_lunch_highlighted@2x.png"; sourceTree = "<group>"; };
		EA68B0261C05E766008C22D2 /* menu_lunch_highlighted@3x.png */ = {isa = PBXFileReference; lastKnownFileType = image.png; path = "menu_lunch_highlighted@3x.png"; sourceTree = "<group>"; };
		EA68B0271C05E766008C22D2 /* menu_second_breakfast@2x.png */ = {isa = PBXFileReference; lastKnownFileType = image.png; path = "menu_second_breakfast@2x.png"; sourceTree = "<group>"; };
		EA68B0281C05E766008C22D2 /* menu_second_breakfast@3x.png */ = {isa = PBXFileReference; lastKnownFileType = image.png; path = "menu_second_breakfast@3x.png"; sourceTree = "<group>"; };
		EA68B0291C05E766008C22D2 /* menu_second_breakfast_highlighted@2x.png */ = {isa = PBXFileReference; lastKnownFileType = image.png; path = "menu_second_breakfast_highlighted@2x.png"; sourceTree = "<group>"; };
		EA68B02A1C05E766008C22D2 /* menu_second_breakfast_highlighted@3x.png */ = {isa = PBXFileReference; lastKnownFileType = image.png; path = "menu_second_breakfast_highlighted@3x.png"; sourceTree = "<group>"; };
		EA816CE41C181222001B0E73 /* img_launchscreen@2x.png */ = {isa = PBXFileReference; lastKnownFileType = image.png; path = "img_launchscreen@2x.png"; sourceTree = "<group>"; };
		EA816CE51C181222001B0E73 /* img_launchscreen@3x.png */ = {isa = PBXFileReference; lastKnownFileType = image.png; path = "img_launchscreen@3x.png"; sourceTree = "<group>"; };
		EA9F65F31C05F569009A8F23 /* MainMenuViewController.h */ = {isa = PBXFileReference; fileEncoding = 4; lastKnownFileType = sourcecode.c.h; path = MainMenuViewController.h; sourceTree = "<group>"; };
		EA9F65F41C05F569009A8F23 /* MainMenuViewController.m */ = {isa = PBXFileReference; fileEncoding = 4; lastKnownFileType = sourcecode.c.objc; path = MainMenuViewController.m; sourceTree = "<group>"; };
		EA9F65F51C05F569009A8F23 /* MainMenuViewController.xib */ = {isa = PBXFileReference; fileEncoding = 4; lastKnownFileType = file.xib; path = MainMenuViewController.xib; sourceTree = "<group>"; };
		EA9F65F81C05F88B009A8F23 /* MealsMenuTableViewCell.h */ = {isa = PBXFileReference; fileEncoding = 4; lastKnownFileType = sourcecode.c.h; path = MealsMenuTableViewCell.h; sourceTree = "<group>"; };
		EA9F65F91C05F88B009A8F23 /* MealsMenuTableViewCell.m */ = {isa = PBXFileReference; fileEncoding = 4; lastKnownFileType = sourcecode.c.objc; path = MealsMenuTableViewCell.m; sourceTree = "<group>"; };
		EA9F65FA1C05F88B009A8F23 /* MealsMenuTableViewCell.xib */ = {isa = PBXFileReference; fileEncoding = 4; lastKnownFileType = file.xib; path = MealsMenuTableViewCell.xib; sourceTree = "<group>"; };
		EA9F65FE1C05FCB4009A8F23 /* btn_foot@2x.png */ = {isa = PBXFileReference; lastKnownFileType = image.png; path = "btn_foot@2x.png"; sourceTree = "<group>"; };
		EA9F65FF1C05FCB4009A8F23 /* btn_foot@3x.png */ = {isa = PBXFileReference; lastKnownFileType = image.png; path = "btn_foot@3x.png"; sourceTree = "<group>"; };
		EA9F66001C05FCB4009A8F23 /* btn_kkal@2x.png */ = {isa = PBXFileReference; lastKnownFileType = image.png; path = "btn_kkal@2x.png"; sourceTree = "<group>"; };
		EA9F66011C05FCB4009A8F23 /* btn_kkal@3x.png */ = {isa = PBXFileReference; lastKnownFileType = image.png; path = "btn_kkal@3x.png"; sourceTree = "<group>"; };
		EA9F66021C05FCB4009A8F23 /* btn_menu_close@2x.png */ = {isa = PBXFileReference; lastKnownFileType = image.png; path = "btn_menu_close@2x.png"; sourceTree = "<group>"; };
		EA9F66031C05FCB4009A8F23 /* btn_menu_close@3x.png */ = {isa = PBXFileReference; lastKnownFileType = image.png; path = "btn_menu_close@3x.png"; sourceTree = "<group>"; };
		EA9F66041C05FCB4009A8F23 /* btn_ok@1x.png */ = {isa = PBXFileReference; lastKnownFileType = image.png; path = "btn_ok@1x.png"; sourceTree = "<group>"; };
		EA9F66051C05FCB4009A8F23 /* btn_ok@3x.png */ = {isa = PBXFileReference; lastKnownFileType = image.png; path = "btn_ok@3x.png"; sourceTree = "<group>"; };
		EA9F66061C05FCB4009A8F23 /* btn_water@2x.png */ = {isa = PBXFileReference; lastKnownFileType = image.png; path = "btn_water@2x.png"; sourceTree = "<group>"; };
		EA9F66071C05FCB4009A8F23 /* btn_water@3x.png */ = {isa = PBXFileReference; lastKnownFileType = image.png; path = "btn_water@3x.png"; sourceTree = "<group>"; };
		EAB43A381C0C51FF000F83F0 /* MagicPieLayer.h */ = {isa = PBXFileReference; fileEncoding = 4; lastKnownFileType = sourcecode.c.h; path = MagicPieLayer.h; sourceTree = "<group>"; };
		EAB43A391C0C51FF000F83F0 /* NSMutableArray+pieEx.h */ = {isa = PBXFileReference; fileEncoding = 4; lastKnownFileType = sourcecode.c.h; path = "NSMutableArray+pieEx.h"; sourceTree = "<group>"; };
		EAB43A3A1C0C51FF000F83F0 /* NSMutableArray+pieEx.m */ = {isa = PBXFileReference; fileEncoding = 4; lastKnownFileType = sourcecode.c.objc; path = "NSMutableArray+pieEx.m"; sourceTree = "<group>"; };
		EAB43A3B1C0C51FF000F83F0 /* PieElement.h */ = {isa = PBXFileReference; fileEncoding = 4; lastKnownFileType = sourcecode.c.h; path = PieElement.h; sourceTree = "<group>"; };
		EAB43A3C1C0C51FF000F83F0 /* PieElement.m */ = {isa = PBXFileReference; fileEncoding = 4; lastKnownFileType = sourcecode.c.objc; path = PieElement.m; sourceTree = "<group>"; };
		EAB43A3D1C0C51FF000F83F0 /* PieLayer.h */ = {isa = PBXFileReference; fileEncoding = 4; lastKnownFileType = sourcecode.c.h; path = PieLayer.h; sourceTree = "<group>"; };
		EAB43A3E1C0C51FF000F83F0 /* PieLayer.m */ = {isa = PBXFileReference; fileEncoding = 4; lastKnownFileType = sourcecode.c.objc; path = PieLayer.m; sourceTree = "<group>"; };
		EAB43A401C0C51FF000F83F0 /* UICountingLabel.h */ = {isa = PBXFileReference; fileEncoding = 4; lastKnownFileType = sourcecode.c.h; path = UICountingLabel.h; sourceTree = "<group>"; };
		EAB43A411C0C51FF000F83F0 /* UICountingLabel.m */ = {isa = PBXFileReference; fileEncoding = 4; lastKnownFileType = sourcecode.c.objc; path = UICountingLabel.m; sourceTree = "<group>"; };
		EAB43A471C0C521F000F83F0 /* CaloriesPieChartView.h */ = {isa = PBXFileReference; fileEncoding = 4; lastKnownFileType = sourcecode.c.h; path = CaloriesPieChartView.h; sourceTree = "<group>"; };
		EAB43A481C0C521F000F83F0 /* CaloriesPieChartView.m */ = {isa = PBXFileReference; fileEncoding = 4; lastKnownFileType = sourcecode.c.objc; path = CaloriesPieChartView.m; sourceTree = "<group>"; };
		EAECB7D81C0D8841002D8D06 /* MainMenuTableViewCell.h */ = {isa = PBXFileReference; fileEncoding = 4; lastKnownFileType = sourcecode.c.h; path = MainMenuTableViewCell.h; sourceTree = "<group>"; };
		EAECB7D91C0D8841002D8D06 /* MainMenuTableViewCell.m */ = {isa = PBXFileReference; fileEncoding = 4; lastKnownFileType = sourcecode.c.objc; path = MainMenuTableViewCell.m; sourceTree = "<group>"; };
		EAECB7DA1C0D8841002D8D06 /* MainMenuTableViewCell.xib */ = {isa = PBXFileReference; fileEncoding = 4; lastKnownFileType = file.xib; path = MainMenuTableViewCell.xib; sourceTree = "<group>"; };
		EAF619161C0ED57A00537F75 /* UIImage+Color.h */ = {isa = PBXFileReference; fileEncoding = 4; lastKnownFileType = sourcecode.c.h; path = "UIImage+Color.h"; sourceTree = "<group>"; };
		EAF619171C0ED57A00537F75 /* UIImage+Color.m */ = {isa = PBXFileReference; fileEncoding = 4; lastKnownFileType = sourcecode.c.objc; path = "UIImage+Color.m"; sourceTree = "<group>"; };
/* End PBXFileReference section */

/* Begin PBXFrameworksBuildPhase section */
		C34BC8E21C044E40007E75CD /* Frameworks */ = {
			isa = PBXFrameworksBuildPhase;
			buildActionMask = 2147483647;
			files = (
				C74DC9A11C10668A0055EF29 /* AVKit.framework in Frameworks */,
			);
			runOnlyForDeploymentPostprocessing = 0;
		};
		C34BC8FE1C044E41007E75CD /* Frameworks */ = {
			isa = PBXFrameworksBuildPhase;
			buildActionMask = 2147483647;
			files = (
			);
			runOnlyForDeploymentPostprocessing = 0;
		};
/* End PBXFrameworksBuildPhase section */

/* Begin PBXGroup section */
		C34BC8DC1C044E40007E75CD = {
			isa = PBXGroup;
			children = (
				C34BC8E71C044E40007E75CD /* ProHealth */,
				EA816CE31C173498001B0E73 /* Frameworks */,
				C34BC8E61C044E40007E75CD /* Products */,
				C34BC9041C044E41007E75CD /* ProHealthTests */,
			);
			sourceTree = "<group>";
		};
		C34BC8E61C044E40007E75CD /* Products */ = {
			isa = PBXGroup;
			children = (
				C34BC8E51C044E40007E75CD /* ProHealth.app */,
				C34BC9011C044E41007E75CD /* ProHealthTests.xctest */,
			);
			name = Products;
			sourceTree = "<group>";
		};
		C34BC8E71C044E40007E75CD /* ProHealth */ = {
			isa = PBXGroup;
			children = (
				C34BC8EB1C044E40007E75CD /* AppDelegate.h */,
				C34BC8EC1C044E40007E75CD /* AppDelegate.m */,
				C34BC8F71C044E40007E75CD /* Assets.xcassets */,
				C34BC9161C044F59007E75CD /* DataClasses */,
				C34BC8FC1C044E40007E75CD /* Info.plist */,
				EAB43A361C0C51FF000F83F0 /* Libraries */,
				C72CD4BC1C04AD4400DAE3D4 /* Managers */,
				C34BC9171C044F59007E75CD /* Resources */,
				C34BC8E81C044E40007E75CD /* Supporting Files */,
				EA68B00F1C05AA94008C22D2 /* Utils */,
				C34BC91A1C044F59007E75CD /* ViewControllers */,
				C34BC95C1C045250007E75CD /* Views */,
			);
			path = ProHealth;
			sourceTree = "<group>";
		};
		C34BC8E81C044E40007E75CD /* Supporting Files */ = {
			isa = PBXGroup;
			children = (
				EA68B00A1C05A8D4008C22D2 /* ProHealth.pch */,
				C34BC8E91C044E40007E75CD /* main.m */,
			);
			name = "Supporting Files";
			sourceTree = "<group>";
		};
		C34BC9041C044E41007E75CD /* ProHealthTests */ = {
			isa = PBXGroup;
			children = (
				C34BC9051C044E41007E75CD /* ProHealthTests.m */,
				C34BC9071C044E41007E75CD /* Info.plist */,
			);
			path = ProHealthTests;
			sourceTree = "<group>";
		};
		C34BC9161C044F59007E75CD /* DataClasses */ = {
			isa = PBXGroup;
			children = (
				C7C7F7A71C17117600024D2C /* Exercise.h */,
				C7C7F7A81C17117600024D2C /* Exercise.m */,
				C76B5B1F1C06F2600035FDD9 /* Eating+CoreDataProperties.h */,
				C76B5B201C06F2600035FDD9 /* Eating+CoreDataProperties.m */,
				C76B5B211C06F2600035FDD9 /* Eating.h */,
				C76B5B221C06F2600035FDD9 /* Eating.m */,
				C38E0E0D1C0465F0008FA999 /* Person.h */,
				C38E0E0E1C0465F0008FA999 /* Person.m */,
				C703300D1C0C52D3007A4734 /* Recipe.h */,
				C703300E1C0C52D3007A4734 /* Recipe.m */,
			);
			path = DataClasses;
			sourceTree = "<group>";
		};
		C34BC9171C044F59007E75CD /* Resources */ = {
			isa = PBXGroup;
			children = (
				C34BC9711C0455C9007E75CD /* CoreData */,
				C34BC9181C044F59007E75CD /* Images */,
				C34BC9191C044F59007E75CD /* JSON */,
				EA68B0021C059905008C22D2 /* Localizable.strings */,
			);
			path = Resources;
			sourceTree = "<group>";
		};
		C34BC9181C044F59007E75CD /* Images */ = {
			isa = PBXGroup;
			children = (
				C38E0DB91C0464D7008FA999 /* add@2x.png */,
				C38E0DBA1C0464D7008FA999 /* add@3x.png */,
				C38E0DBB1C0464D7008FA999 /* arrow_back@2x.png */,
				C38E0DBC1C0464D7008FA999 /* arrow_back@3x.png */,
				C38E0DBD1C0464D7008FA999 /* back@2x.png */,
				C38E0DBE1C0464D7008FA999 /* back@3x.png */,
				EA9F65FD1C05FCB4009A8F23 /* buttons */,
				C38E0DBF1C0464D7008FA999 /* cancel@2x.png */,
				C38E0DC01C0464D7008FA999 /* cancel@3x.png */,
				C38E0DC11C0464D7008FA999 /* chek@2x.png */,
				C38E0DC21C0464D7008FA999 /* chek@3x.png */,
				C38E0DC31C0464D7008FA999 /* clip@2x.png */,
				C38E0DC41C0464D7008FA999 /* clip@3x.png */,
				EA4ED95A1C0F1A61008CE79D /* dot_blue@2x.png */,
				EA4ED95B1C0F1A61008CE79D /* dot_blue@3x.png */,
				EA4ED95C1C0F1A61008CE79D /* dot_red@2x.png */,
				EA4ED95D1C0F1A61008CE79D /* dot_red@3x.png */,
				C38E0DC51C0464D7008FA999 /* gear@2x.png */,
				C38E0DC61C0464D7008FA999 /* gear@3x.png */,
				EA68B0031C059FFF008C22D2 /* guide_1.png */,
				EA68B0041C059FFF008C22D2 /* guide_2.png */,
				EA68B0051C059FFF008C22D2 /* guide_3.png */,
				C38E0DC71C0464D7008FA999 /* icon_fire@2x.png */,
				C38E0DC81C0464D7008FA999 /* icon_fire@3x.png */,
				C38E0DC91C0464D7008FA999 /* icon_foot@2x.png */,
				C38E0DCA1C0464D7008FA999 /* icon_foot@3x.png */,
				C38E0DCB1C0464D7008FA999 /* icon_water@2x.png */,
				C38E0DCC1C0464D7008FA999 /* icon_water@3x.png */,
				C38E0DCD1C0464D7008FA999 /* img_add_glass@2x.png */,
				C38E0DCE1C0464D7008FA999 /* img_add_glass@3x.png */,
				C38E0DCF1C0464D7008FA999 /* img_afternoon@2x.png */,
				C38E0DD01C0464D7008FA999 /* img_afternoon@3x.png */,
				C38E0DD11C0464D7008FA999 /* img_empty_glass@2x.png */,
				C38E0DD21C0464D7008FA999 /* img_empty_glass@3x.png */,
				C38E0DD31C0464D7008FA999 /* img_evening@2x.png */,
				C38E0DD41C0464D7008FA999 /* img_evening@3x.png */,
				C38E0DD51C0464D7008FA999 /* img_full_glass@2x.png */,
				C38E0DD61C0464D7008FA999 /* img_full_glass@3x.png */,
				EA816CE41C181222001B0E73 /* img_launchscreen@2x.png */,
				EA816CE51C181222001B0E73 /* img_launchscreen@3x.png */,
				C38E0DD71C0464D7008FA999 /* img_morning@2x.png */,
				C38E0DD81C0464D7008FA999 /* img_morning@3x.png */,
				C38E0DD91C0464D7008FA999 /* img_night@2x.png */,
				C38E0DDA1C0464D7008FA999 /* img_night@3x.png */,
				C7C7F79C1C17100900024D2C /* img_repeat@2x.png */,
				C7C7F79D1C17100900024D2C /* img_repeat@3x.png */,
				C7C7F79E1C17100900024D2C /* img_timer@2x.png */,
				C7C7F79F1C17100900024D2C /* img_timer@3x.png */,
				C38E0DDB1C0464D7008FA999 /* info@2x.png */,
				C38E0DDC1C0464D7008FA999 /* info@3x.png */,
				C38E0DDD1C0464D7008FA999 /* mail@2x.png */,
				C38E0DDE1C0464D7008FA999 /* mail@3x.png */,
				EA68B01A1C05E766008C22D2 /* menu */,
				C38E0DDF1C0464D7008FA999 /* menu@2x.png */,
				C38E0DE01C0464D7008FA999 /* menu@3x.png */,
				C38E0DE11C0464D7008FA999 /* play@2x.png */,
				C38E0DE21C0464D7008FA999 /* play@3x.png */,
			);
			path = Images;
			sourceTree = "<group>";
		};
		C34BC9191C044F59007E75CD /* JSON */ = {
			isa = PBXGroup;
			children = (
			);
			path = JSON;
			sourceTree = "<group>";
		};
		C34BC91A1C044F59007E75CD /* ViewControllers */ = {
			isa = PBXGroup;
			children = (
				C34BC92F1C04502A007E75CD /* CaloriesViewController.h */,
				C34BC9301C04502A007E75CD /* CaloriesViewController.m */,
				C34BC9311C04502A007E75CD /* CaloriesViewController.xib */,
				EA61D6921C16C43100BB2DE0 /* ExerciseDetailsViewController.h */,
				EA61D6931C16C43100BB2DE0 /* ExerciseDetailsViewController.m */,
				EA61D6941C16C43100BB2DE0 /* ExerciseDetailsViewController.xib */,
				C34BC9391C045095007E75CD /* ExercisesViewController.h */,
				C34BC93A1C045095007E75CD /* ExercisesViewController.m */,
				C34BC93B1C045095007E75CD /* ExercisesViewController.xib */,
				C34BC9251C044FFA007E75CD /* GuideViewController.h */,
				C34BC9261C044FFA007E75CD /* GuideViewController.m */,
				C34BC9271C044FFA007E75CD /* GuideViewController.xib */,
				EA9F65F31C05F569009A8F23 /* MainMenuViewController.h */,
				EA9F65F41C05F569009A8F23 /* MainMenuViewController.m */,
				EA9F65F51C05F569009A8F23 /* MainMenuViewController.xib */,
				C34BC91B1C044F88007E75CD /* MealsMenuViewController.h */,
				C34BC91C1C044F88007E75CD /* MealsMenuViewController.m */,
				C34BC91D1C044F88007E75CD /* MealsMenuViewController.xib */,
				C3F1BA971C04A03F005DF91B /* PersonalDataViewController.h */,
				C3F1BA981C04A03F005DF91B /* PersonalDataViewController.m */,
				C3F1BA991C04A03F005DF91B /* PersonalDataViewController.xib */,
				C34BC9341C04505B007E75CD /* PersonalStatsViewController.h */,
				C34BC9351C04505B007E75CD /* PersonalStatsViewController.m */,
				C34BC9361C04505B007E75CD /* PersonalStatsViewController.xib */,
				C34BC9481C045102007E75CD /* RecipeDetailsViewController.h */,
				C34BC9491C045102007E75CD /* RecipeDetailsViewController.m */,
				C34BC94A1C045102007E75CD /* RecipeDetailsViewController.xib */,
				C34BC94D1C04510F007E75CD /* RecipesViewController.h */,
				C34BC94E1C04510F007E75CD /* RecipesViewController.m */,
				C34BC94F1C04510F007E75CD /* RecipesViewController.xib */,
				C34BC9521C04515D007E75CD /* SettingsViewController.h */,
				C34BC9531C04515D007E75CD /* SettingsViewController.m */,
				C34BC9541C04515D007E75CD /* SettingsViewController.xib */,
				C34BC9201C044FC7007E75CD /* StartViewController.h */,
				C34BC9211C044FC7007E75CD /* StartViewController.m */,
				C34BC9221C044FC7007E75CD /* StartViewController.xib */,
				C34BC93E1C0450CE007E75CD /* TipsViewController.h */,
				C34BC93F1C0450CE007E75CD /* TipsViewController.m */,
				C34BC9401C0450CE007E75CD /* TipsViewController.xib */,
				C34BC92A1C045015007E75CD /* WaterViewController.h */,
				C34BC92B1C045015007E75CD /* WaterViewController.m */,
				C34BC92C1C045015007E75CD /* WaterViewController.xib */,
			);
			path = ViewControllers;
			sourceTree = "<group>";
		};
		C34BC95C1C045250007E75CD /* Views */ = {
			isa = PBXGroup;
			children = (
				EAB43A461C0C521F000F83F0 /* Calories */,
				EA61D6971C16C48200BB2DE0 /* Exercises */,
				C34BC9691C0452B4007E75CD /* MainMenu */,
				C34BC95D1C045250007E75CD /* MealsMenu */,
				C38E0E101C047EAD008FA999 /* PersonalDataHistogram */,
				C34BC95E1C045250007E75CD /* Recipes */,
				C7FEDAC61C0F30AA002B81BE /* WaterGlassButton.h */,
				C7FEDAC71C0F30AA002B81BE /* WaterGlassButton.m */,
			);
			path = Views;
			sourceTree = "<group>";
		};
		C34BC95D1C045250007E75CD /* MealsMenu */ = {
			isa = PBXGroup;
			children = (
				EA9F65F81C05F88B009A8F23 /* MealsMenuTableViewCell.h */,
				EA9F65F91C05F88B009A8F23 /* MealsMenuTableViewCell.m */,
				EA9F65FA1C05F88B009A8F23 /* MealsMenuTableViewCell.xib */,
			);
			path = MealsMenu;
			sourceTree = "<group>";
		};
		C34BC95E1C045250007E75CD /* Recipes */ = {
			isa = PBXGroup;
			children = (
				C34BC9641C04528D007E75CD /* RecipesTableViewCell.h */,
				C34BC9651C04528D007E75CD /* RecipesTableViewCell.m */,
				C34BC9661C04528D007E75CD /* RecipesTableViewCell.xib */,
			);
			path = Recipes;
			sourceTree = "<group>";
		};
		C34BC9691C0452B4007E75CD /* MainMenu */ = {
			isa = PBXGroup;
			children = (
				EAECB7D81C0D8841002D8D06 /* MainMenuTableViewCell.h */,
				EAECB7D91C0D8841002D8D06 /* MainMenuTableViewCell.m */,
				EAECB7DA1C0D8841002D8D06 /* MainMenuTableViewCell.xib */,
			);
			path = MainMenu;
			sourceTree = "<group>";
		};
		C34BC9711C0455C9007E75CD /* CoreData */ = {
			isa = PBXGroup;
			children = (
				C34BC9721C0455C9007E75CD /* ProHealth.xcdatamodeld */,
			);
			path = CoreData;
			sourceTree = "<group>";
		};
		C38E0E101C047EAD008FA999 /* PersonalDataHistogram */ = {
			isa = PBXGroup;
			children = (
				C38E0E111C047EDB008FA999 /* HistogramView.h */,
				C38E0E121C047EDB008FA999 /* HistogramView.m */,
			);
			path = PersonalDataHistogram;
			sourceTree = "<group>";
		};
		C72CD4BC1C04AD4400DAE3D4 /* Managers */ = {
			isa = PBXGroup;
			children = (
				C72CD4BD1C04ADBB00DAE3D4 /* DataManager.h */,
				C72CD4BE1C04ADBB00DAE3D4 /* DataManager.m */,
			);
			path = Managers;
			sourceTree = "<group>";
		};
		EA61D6971C16C48200BB2DE0 /* Exercises */ = {
			isa = PBXGroup;
			children = (
				EA61D6981C16C4A000BB2DE0 /* ExercisesTableViewCell.h */,
				EA61D6991C16C4A000BB2DE0 /* ExercisesTableViewCell.m */,
				EA61D69A1C16C4A000BB2DE0 /* ExercisesTableViewCell.xib */,
			);
			path = Exercises;
			sourceTree = "<group>";
		};
		EA68B00F1C05AA94008C22D2 /* Utils */ = {
			isa = PBXGroup;
			children = (
				EA68B0111C05AC9E008C22D2 /* Helper.h */,
				EA68B0121C05AC9E008C22D2 /* Helper.m */,
				EA68B0101C05AA94008C22D2 /* Macros.h */,
				EA61D69E1C16F34A00BB2DE0 /* UIButton+Block.h */,
				EA61D69F1C16F34A00BB2DE0 /* UIButton+Block.m */,
				EAF619161C0ED57A00537F75 /* UIImage+Color.h */,
				EAF619171C0ED57A00537F75 /* UIImage+Color.m */,
				EA68B0141C05D15D008C22D2 /* UIImageEffects.h */,
				EA68B0151C05D15D008C22D2 /* UIImageEffects.m */,
				EA68B0171C05D5E1008C22D2 /* UIView+Snapshot.h */,
				EA68B0181C05D5E1008C22D2 /* UIView+Snapshot.m */,
				EA61D6A01C16F34A00BB2DE0 /* UIViewController+CustomDraw.h */,
				EA61D6A11C16F34A00BB2DE0 /* UIViewController+CustomDraw.m */,
			);
			path = Utils;
			sourceTree = "<group>";
		};
		EA68B01A1C05E766008C22D2 /* menu */ = {
			isa = PBXGroup;
			children = (
				EA68B01B1C05E766008C22D2 /* menu_breakfast@2x.png */,
				EA68B01C1C05E766008C22D2 /* menu_breakfast@3x.png */,
				EA68B01D1C05E766008C22D2 /* menu_breakfast_highlighted@2x.png */,
				EA68B01E1C05E766008C22D2 /* menu_breakfast_highlighted@3x.png */,
				EA68B01F1C05E766008C22D2 /* menu_dinner@2x.png */,
				EA68B0201C05E766008C22D2 /* menu_dinner@3x.png */,
				EA68B0211C05E766008C22D2 /* menu_dinner_highlighted@2x.png */,
				EA68B0221C05E766008C22D2 /* menu_dinner_highlighted@3x.png */,
				EA68B0231C05E766008C22D2 /* menu_lunch@2x.png */,
				EA68B0241C05E766008C22D2 /* menu_lunch@3x.png */,
				EA68B0251C05E766008C22D2 /* menu_lunch_highlighted@2x.png */,
				EA68B0261C05E766008C22D2 /* menu_lunch_highlighted@3x.png */,
				EA68B0271C05E766008C22D2 /* menu_second_breakfast@2x.png */,
				EA68B0281C05E766008C22D2 /* menu_second_breakfast@3x.png */,
				EA68B0291C05E766008C22D2 /* menu_second_breakfast_highlighted@2x.png */,
				EA68B02A1C05E766008C22D2 /* menu_second_breakfast_highlighted@3x.png */,
			);
			path = menu;
			sourceTree = "<group>";
		};
		EA816CE31C173498001B0E73 /* Frameworks */ = {
			isa = PBXGroup;
			children = (
				C74DC9A01C10668A0055EF29 /* AVKit.framework */,
			);
			name = Frameworks;
			sourceTree = "<group>";
		};
		EA9F65FD1C05FCB4009A8F23 /* buttons */ = {
			isa = PBXGroup;
			children = (
				EA9F65FE1C05FCB4009A8F23 /* btn_foot@2x.png */,
				EA9F65FF1C05FCB4009A8F23 /* btn_foot@3x.png */,
				EA9F66001C05FCB4009A8F23 /* btn_kkal@2x.png */,
				EA9F66011C05FCB4009A8F23 /* btn_kkal@3x.png */,
				EA9F66021C05FCB4009A8F23 /* btn_menu_close@2x.png */,
				EA9F66031C05FCB4009A8F23 /* btn_menu_close@3x.png */,
				EA9F66041C05FCB4009A8F23 /* btn_ok@1x.png */,
				EA9F66051C05FCB4009A8F23 /* btn_ok@3x.png */,
				EA9F66061C05FCB4009A8F23 /* btn_water@2x.png */,
				EA9F66071C05FCB4009A8F23 /* btn_water@3x.png */,
			);
			path = buttons;
			sourceTree = "<group>";
		};
		EAB43A361C0C51FF000F83F0 /* Libraries */ = {
			isa = PBXGroup;
			children = (
				EAB43A371C0C51FF000F83F0 /* MagicPieLayer */,
				EAB43A3F1C0C51FF000F83F0 /* UICountingLabel */,
			);
			path = Libraries;
			sourceTree = "<group>";
		};
		EAB43A371C0C51FF000F83F0 /* MagicPieLayer */ = {
			isa = PBXGroup;
			children = (
				EAB43A381C0C51FF000F83F0 /* MagicPieLayer.h */,
				EAB43A391C0C51FF000F83F0 /* NSMutableArray+pieEx.h */,
				EAB43A3A1C0C51FF000F83F0 /* NSMutableArray+pieEx.m */,
				EAB43A3B1C0C51FF000F83F0 /* PieElement.h */,
				EAB43A3C1C0C51FF000F83F0 /* PieElement.m */,
				EAB43A3D1C0C51FF000F83F0 /* PieLayer.h */,
				EAB43A3E1C0C51FF000F83F0 /* PieLayer.m */,
			);
			path = MagicPieLayer;
			sourceTree = "<group>";
		};
		EAB43A3F1C0C51FF000F83F0 /* UICountingLabel */ = {
			isa = PBXGroup;
			children = (
				EAB43A401C0C51FF000F83F0 /* UICountingLabel.h */,
				EAB43A411C0C51FF000F83F0 /* UICountingLabel.m */,
			);
			path = UICountingLabel;
			sourceTree = "<group>";
		};
		EAB43A461C0C521F000F83F0 /* Calories */ = {
			isa = PBXGroup;
			children = (
				EAB43A471C0C521F000F83F0 /* CaloriesPieChartView.h */,
				EAB43A481C0C521F000F83F0 /* CaloriesPieChartView.m */,
			);
			path = Calories;
			sourceTree = "<group>";
		};
/* End PBXGroup section */

/* Begin PBXNativeTarget section */
		C34BC8E41C044E40007E75CD /* ProHealth */ = {
			isa = PBXNativeTarget;
			buildConfigurationList = C34BC90A1C044E41007E75CD /* Build configuration list for PBXNativeTarget "ProHealth" */;
			buildPhases = (
				C34BC8E11C044E40007E75CD /* Sources */,
				C34BC8E21C044E40007E75CD /* Frameworks */,
				C34BC8E31C044E40007E75CD /* Resources */,
			);
			buildRules = (
			);
			dependencies = (
			);
			name = ProHealth;
			productName = ProHealth;
			productReference = C34BC8E51C044E40007E75CD /* ProHealth.app */;
			productType = "com.apple.product-type.application";
		};
		C34BC9001C044E41007E75CD /* ProHealthTests */ = {
			isa = PBXNativeTarget;
			buildConfigurationList = C34BC90D1C044E41007E75CD /* Build configuration list for PBXNativeTarget "ProHealthTests" */;
			buildPhases = (
				C34BC8FD1C044E41007E75CD /* Sources */,
				C34BC8FE1C044E41007E75CD /* Frameworks */,
				C34BC8FF1C044E41007E75CD /* Resources */,
			);
			buildRules = (
			);
			dependencies = (
				C34BC9031C044E41007E75CD /* PBXTargetDependency */,
			);
			name = ProHealthTests;
			productName = ProHealthTests;
			productReference = C34BC9011C044E41007E75CD /* ProHealthTests.xctest */;
			productType = "com.apple.product-type.bundle.unit-test";
		};
/* End PBXNativeTarget section */

/* Begin PBXProject section */
		C34BC8DD1C044E40007E75CD /* Project object */ = {
			isa = PBXProject;
			attributes = {
				LastUpgradeCheck = 0710;
				ORGANIZATIONNAME = "Natalia Zubareva";
				TargetAttributes = {
					C34BC8E41C044E40007E75CD = {
						CreatedOnToolsVersion = 7.1.1;
					};
					C34BC9001C044E41007E75CD = {
						CreatedOnToolsVersion = 7.1.1;
						DevelopmentTeam = 67FYWWH334;
						TestTargetID = C34BC8E41C044E40007E75CD;
					};
				};
			};
			buildConfigurationList = C34BC8E01C044E40007E75CD /* Build configuration list for PBXProject "ProHealth" */;
			compatibilityVersion = "Xcode 3.2";
			developmentRegion = English;
			hasScannedForEncodings = 0;
			knownRegions = (
				Base,
			);
			mainGroup = C34BC8DC1C044E40007E75CD;
			productRefGroup = C34BC8E61C044E40007E75CD /* Products */;
			projectDirPath = "";
			projectRoot = "";
			targets = (
				C34BC8E41C044E40007E75CD /* ProHealth */,
				C34BC9001C044E41007E75CD /* ProHealthTests */,
			);
		};
/* End PBXProject section */

/* Begin PBXResourcesBuildPhase section */
		C34BC8E31C044E40007E75CD /* Resources */ = {
			isa = PBXResourcesBuildPhase;
			buildActionMask = 2147483647;
			files = (
				C38E0DFC1C0464D7008FA999 /* img_empty_glass@3x.png in Resources */,
				C34BC92E1C045015007E75CD /* WaterViewController.xib in Resources */,
				C38E0DE51C0464D7008FA999 /* arrow_back@2x.png in Resources */,
				C38E0DF51C0464D7008FA999 /* icon_water@2x.png in Resources */,
				C7C7F7A11C17100900024D2C /* img_repeat@3x.png in Resources */,
				C38E0E091C0464D7008FA999 /* menu@2x.png in Resources */,
				C38E0DFF1C0464D7008FA999 /* img_full_glass@2x.png in Resources */,
				C38E0DE81C0464D7008FA999 /* back@3x.png in Resources */,
				C38E0DF71C0464D7008FA999 /* img_add_glass@2x.png in Resources */,
				C38E0DEB1C0464D7008FA999 /* chek@2x.png in Resources */,
				EA9F66111C05FCB4009A8F23 /* btn_water@3x.png in Resources */,
				C38E0DE71C0464D7008FA999 /* back@2x.png in Resources */,
				C38E0DEE1C0464D7008FA999 /* clip@3x.png in Resources */,
				C38E0DFB1C0464D7008FA999 /* img_empty_glass@2x.png in Resources */,
				C7C7F7A21C17100900024D2C /* img_timer@2x.png in Resources */,
				C38E0DF81C0464D7008FA999 /* img_add_glass@3x.png in Resources */,
				C38E0DF41C0464D7008FA999 /* icon_foot@3x.png in Resources */,
				EA68B02F1C05E766008C22D2 /* menu_dinner@2x.png in Resources */,
				EA4ED9601C0F1A61008CE79D /* dot_red@2x.png in Resources */,
				C38E0DE41C0464D7008FA999 /* add@3x.png in Resources */,
				C38E0DF91C0464D7008FA999 /* img_afternoon@2x.png in Resources */,
				C38E0DEF1C0464D7008FA999 /* gear@2x.png in Resources */,
				EA68B0381C05E766008C22D2 /* menu_second_breakfast@3x.png in Resources */,
				EA9F66101C05FCB4009A8F23 /* btn_water@2x.png in Resources */,
				C38E0E031C0464D7008FA999 /* img_night@2x.png in Resources */,
				EA68B0071C059FFF008C22D2 /* guide_2.png in Resources */,
				C38E0E021C0464D7008FA999 /* img_morning@3x.png in Resources */,
				EA61D69C1C16C4A000BB2DE0 /* ExercisesTableViewCell.xib in Resources */,
				C38E0DF01C0464D7008FA999 /* gear@3x.png in Resources */,
				EA9F66081C05FCB4009A8F23 /* btn_foot@2x.png in Resources */,
				C34BC94C1C045102007E75CD /* RecipeDetailsViewController.xib in Resources */,
				EA61D6961C16C43100BB2DE0 /* ExerciseDetailsViewController.xib in Resources */,
				C38E0DF21C0464D7008FA999 /* icon_fire@3x.png in Resources */,
				EA68B0331C05E766008C22D2 /* menu_lunch@2x.png in Resources */,
				EAECB7DC1C0D8841002D8D06 /* MainMenuTableViewCell.xib in Resources */,
				C38E0E0C1C0464D7008FA999 /* play@3x.png in Resources */,
				EA9F66091C05FCB4009A8F23 /* btn_foot@3x.png in Resources */,
				C38E0DFD1C0464D7008FA999 /* img_evening@2x.png in Resources */,
				EA4ED9611C0F1A61008CE79D /* dot_red@3x.png in Resources */,
				EA68B0351C05E766008C22D2 /* menu_lunch_highlighted@2x.png in Resources */,
				C34BC9561C04515D007E75CD /* SettingsViewController.xib in Resources */,
				EA68B0301C05E766008C22D2 /* menu_dinner@3x.png in Resources */,
				C38E0DEA1C0464D7008FA999 /* cancel@3x.png in Resources */,
				EA816CE61C181222001B0E73 /* img_launchscreen@2x.png in Resources */,
				C38E0E051C0464D7008FA999 /* info@2x.png in Resources */,
				EA9F65FC1C05F88B009A8F23 /* MealsMenuTableViewCell.xib in Resources */,
				C34BC9381C04505B007E75CD /* PersonalStatsViewController.xib in Resources */,
				EA68B02D1C05E766008C22D2 /* menu_breakfast_highlighted@2x.png in Resources */,
				EA68B0081C059FFF008C22D2 /* guide_3.png in Resources */,
				C38E0DEC1C0464D7008FA999 /* chek@3x.png in Resources */,
				EA68B0061C059FFF008C22D2 /* guide_1.png in Resources */,
				C38E0DE61C0464D7008FA999 /* arrow_back@3x.png in Resources */,
				EA68B03A1C05E766008C22D2 /* menu_second_breakfast_highlighted@3x.png in Resources */,
				EA4ED95F1C0F1A61008CE79D /* dot_blue@3x.png in Resources */,
				C7C7F7A01C17100900024D2C /* img_repeat@2x.png in Resources */,
				EA68B0001C059905008C22D2 /* Localizable.strings in Resources */,
				EA68B0361C05E766008C22D2 /* menu_lunch_highlighted@3x.png in Resources */,
				C3F1BA9B1C04A03F005DF91B /* PersonalDataViewController.xib in Resources */,
				EA68B02E1C05E766008C22D2 /* menu_breakfast_highlighted@3x.png in Resources */,
				C38E0DED1C0464D7008FA999 /* clip@2x.png in Resources */,
				C38E0DF61C0464D7008FA999 /* icon_water@3x.png in Resources */,
				EA9F660F1C05FCB4009A8F23 /* btn_ok@3x.png in Resources */,
				C38E0E041C0464D7008FA999 /* img_night@3x.png in Resources */,
				EA816CE71C181222001B0E73 /* img_launchscreen@3x.png in Resources */,
				C34BC9331C04502A007E75CD /* CaloriesViewController.xib in Resources */,
				C34BC93D1C045095007E75CD /* ExercisesViewController.xib in Resources */,
				C38E0DE31C0464D7008FA999 /* add@2x.png in Resources */,
				EA9F660A1C05FCB4009A8F23 /* btn_kkal@2x.png in Resources */,
				C38E0E0A1C0464D7008FA999 /* menu@3x.png in Resources */,
				C34BC9241C044FC7007E75CD /* StartViewController.xib in Resources */,
				C34BC91F1C044F88007E75CD /* MealsMenuViewController.xib in Resources */,
				C38E0DFE1C0464D7008FA999 /* img_evening@3x.png in Resources */,
				EA68B0311C05E766008C22D2 /* menu_dinner_highlighted@2x.png in Resources */,
				C34BC9681C04528D007E75CD /* RecipesTableViewCell.xib in Resources */,
				C34BC9291C044FFA007E75CD /* GuideViewController.xib in Resources */,
				C38E0DF31C0464D7008FA999 /* icon_foot@2x.png in Resources */,
				C38E0E0B1C0464D7008FA999 /* play@2x.png in Resources */,
				EA68B02C1C05E766008C22D2 /* menu_breakfast@3x.png in Resources */,
				EA4ED95E1C0F1A61008CE79D /* dot_blue@2x.png in Resources */,
				C38E0DE91C0464D7008FA999 /* cancel@2x.png in Resources */,
				C38E0E061C0464D7008FA999 /* info@3x.png in Resources */,
				EA9F660C1C05FCB4009A8F23 /* btn_menu_close@2x.png in Resources */,
				C38E0E011C0464D7008FA999 /* img_morning@2x.png in Resources */,
				C34BC9421C0450CE007E75CD /* TipsViewController.xib in Resources */,
				EA68B02B1C05E766008C22D2 /* menu_breakfast@2x.png in Resources */,
				EA9F660D1C05FCB4009A8F23 /* btn_menu_close@3x.png in Resources */,
				EA9F65F71C05F569009A8F23 /* MainMenuViewController.xib in Resources */,
				EA68B0321C05E766008C22D2 /* menu_dinner_highlighted@3x.png in Resources */,
				C38E0E001C0464D7008FA999 /* img_full_glass@3x.png in Resources */,
				C34BC9511C04510F007E75CD /* RecipesViewController.xib in Resources */,
				C38E0DF11C0464D7008FA999 /* icon_fire@2x.png in Resources */,
				EA68B0371C05E766008C22D2 /* menu_second_breakfast@2x.png in Resources */,
				C7C7F7A31C17100900024D2C /* img_timer@3x.png in Resources */,
				C38E0E081C0464D7008FA999 /* mail@3x.png in Resources */,
				EA9F660B1C05FCB4009A8F23 /* btn_kkal@3x.png in Resources */,
				EA9F660E1C05FCB4009A8F23 /* btn_ok@1x.png in Resources */,
				C38E0DFA1C0464D7008FA999 /* img_afternoon@3x.png in Resources */,
				EA68B0391C05E766008C22D2 /* menu_second_breakfast_highlighted@2x.png in Resources */,
				C38E0E071C0464D7008FA999 /* mail@2x.png in Resources */,
				C34BC8F81C044E40007E75CD /* Assets.xcassets in Resources */,
				EA68B0341C05E766008C22D2 /* menu_lunch@3x.png in Resources */,
			);
			runOnlyForDeploymentPostprocessing = 0;
		};
		C34BC8FF1C044E41007E75CD /* Resources */ = {
			isa = PBXResourcesBuildPhase;
			buildActionMask = 2147483647;
			files = (
			);
			runOnlyForDeploymentPostprocessing = 0;
		};
/* End PBXResourcesBuildPhase section */

/* Begin PBXSourcesBuildPhase section */
		C34BC8E11C044E40007E75CD /* Sources */ = {
			isa = PBXSourcesBuildPhase;
			buildActionMask = 2147483647;
			files = (
				EAB43A421C0C51FF000F83F0 /* NSMutableArray+pieEx.m in Sources */,
				C34BC9371C04505B007E75CD /* PersonalStatsViewController.m in Sources */,
				C34BC91E1C044F88007E75CD /* MealsMenuViewController.m in Sources */,
				EAF619181C0ED57A00537F75 /* UIImage+Color.m in Sources */,
				C38E0E0F1C0465F0008FA999 /* Person.m in Sources */,
				C76B5B241C06F2600035FDD9 /* Eating.m in Sources */,
				C34BC92D1C045015007E75CD /* WaterViewController.m in Sources */,
				EA61D6A21C16F34A00BB2DE0 /* UIButton+Block.m in Sources */,
				EA61D6A31C16F34A00BB2DE0 /* UIViewController+CustomDraw.m in Sources */,
				C34BC9231C044FC7007E75CD /* StartViewController.m in Sources */,
				C76B5B231C06F2600035FDD9 /* Eating+CoreDataProperties.m in Sources */,
				EA9F65FB1C05F88B009A8F23 /* MealsMenuTableViewCell.m in Sources */,
				C34BC9501C04510F007E75CD /* RecipesViewController.m in Sources */,
				C34BC9671C04528D007E75CD /* RecipesTableViewCell.m in Sources */,
				C34BC9411C0450CE007E75CD /* TipsViewController.m in Sources */,
				EA9F65F61C05F569009A8F23 /* MainMenuViewController.m in Sources */,
				EA68B0131C05AC9E008C22D2 /* Helper.m in Sources */,
				C72CD4BF1C04ADBB00DAE3D4 /* DataManager.m in Sources */,
				EA61D69B1C16C4A000BB2DE0 /* ExercisesTableViewCell.m in Sources */,
				C703300F1C0C52D3007A4734 /* Recipe.m in Sources */,
				C7FEDAC81C0F30AA002B81BE /* WaterGlassButton.m in Sources */,
				C34BC9741C0455C9007E75CD /* ProHealth.xcdatamodeld in Sources */,
				EA61D6951C16C43100BB2DE0 /* ExerciseDetailsViewController.m in Sources */,
				EA68B0191C05D5E1008C22D2 /* UIView+Snapshot.m in Sources */,
				EAB43A451C0C51FF000F83F0 /* UICountingLabel.m in Sources */,
				C7C7F7A91C17117600024D2C /* Exercise.m in Sources */,
				C3F1BA9A1C04A03F005DF91B /* PersonalDataViewController.m in Sources */,
				C34BC9321C04502A007E75CD /* CaloriesViewController.m in Sources */,
				C34BC93C1C045095007E75CD /* ExercisesViewController.m in Sources */,
				C34BC8ED1C044E40007E75CD /* AppDelegate.m in Sources */,
				EAECB7DB1C0D8841002D8D06 /* MainMenuTableViewCell.m in Sources */,
				C34BC8EA1C044E40007E75CD /* main.m in Sources */,
				EAB43A441C0C51FF000F83F0 /* PieLayer.m in Sources */,
				EAB43A491C0C521F000F83F0 /* CaloriesPieChartView.m in Sources */,
				C34BC9281C044FFA007E75CD /* GuideViewController.m in Sources */,
				EA68B0161C05D15D008C22D2 /* UIImageEffects.m in Sources */,
				C38E0E131C047EDB008FA999 /* HistogramView.m in Sources */,
				C34BC9551C04515D007E75CD /* SettingsViewController.m in Sources */,
				C34BC94B1C045102007E75CD /* RecipeDetailsViewController.m in Sources */,
				EAB43A431C0C51FF000F83F0 /* PieElement.m in Sources */,
			);
			runOnlyForDeploymentPostprocessing = 0;
		};
		C34BC8FD1C044E41007E75CD /* Sources */ = {
			isa = PBXSourcesBuildPhase;
			buildActionMask = 2147483647;
			files = (
				C34BC9061C044E41007E75CD /* ProHealthTests.m in Sources */,
			);
			runOnlyForDeploymentPostprocessing = 0;
		};
/* End PBXSourcesBuildPhase section */

/* Begin PBXTargetDependency section */
		C34BC9031C044E41007E75CD /* PBXTargetDependency */ = {
			isa = PBXTargetDependency;
			target = C34BC8E41C044E40007E75CD /* ProHealth */;
			targetProxy = C34BC9021C044E41007E75CD /* PBXContainerItemProxy */;
		};
/* End PBXTargetDependency section */

/* Begin PBXVariantGroup section */
		EA68B0021C059905008C22D2 /* Localizable.strings */ = {
			isa = PBXVariantGroup;
			children = (
				EA68B0091C05A6EE008C22D2 /* Base */,
			);
			name = Localizable.strings;
			sourceTree = "<group>";
		};
/* End PBXVariantGroup section */

/* Begin XCBuildConfiguration section */
		C34BC9081C044E41007E75CD /* Debug */ = {
			isa = XCBuildConfiguration;
			buildSettings = {
				ALWAYS_SEARCH_USER_PATHS = NO;
				CLANG_CXX_LANGUAGE_STANDARD = "gnu++0x";
				CLANG_CXX_LIBRARY = "libc++";
				CLANG_ENABLE_MODULES = YES;
				CLANG_ENABLE_OBJC_ARC = YES;
				CLANG_WARN_BOOL_CONVERSION = YES;
				CLANG_WARN_CONSTANT_CONVERSION = YES;
				CLANG_WARN_DIRECT_OBJC_ISA_USAGE = YES_ERROR;
				CLANG_WARN_EMPTY_BODY = YES;
				CLANG_WARN_ENUM_CONVERSION = YES;
				CLANG_WARN_INT_CONVERSION = YES;
				CLANG_WARN_OBJC_ROOT_CLASS = YES_ERROR;
				CLANG_WARN_UNREACHABLE_CODE = YES;
				CLANG_WARN__DUPLICATE_METHOD_MATCH = YES;
				"CODE_SIGN_IDENTITY[sdk=iphoneos*]" = "iPhone Developer";
				COPY_PHASE_STRIP = NO;
				DEBUG_INFORMATION_FORMAT = dwarf;
				ENABLE_STRICT_OBJC_MSGSEND = YES;
				ENABLE_TESTABILITY = YES;
				GCC_C_LANGUAGE_STANDARD = gnu99;
				GCC_DYNAMIC_NO_PIC = NO;
				GCC_NO_COMMON_BLOCKS = YES;
				GCC_OPTIMIZATION_LEVEL = 0;
				GCC_PREPROCESSOR_DEFINITIONS = (
					"DEBUG=1",
					"$(inherited)",
				);
				GCC_WARN_64_TO_32_BIT_CONVERSION = YES;
				GCC_WARN_ABOUT_RETURN_TYPE = YES_ERROR;
				GCC_WARN_UNDECLARED_SELECTOR = YES;
				GCC_WARN_UNINITIALIZED_AUTOS = YES_AGGRESSIVE;
				GCC_WARN_UNUSED_FUNCTION = YES;
				GCC_WARN_UNUSED_VARIABLE = YES;
				IPHONEOS_DEPLOYMENT_TARGET = 9.1;
				MTL_ENABLE_DEBUG_INFO = YES;
				ONLY_ACTIVE_ARCH = YES;
				SDKROOT = iphoneos;
			};
			name = Debug;
		};
		C34BC9091C044E41007E75CD /* Release */ = {
			isa = XCBuildConfiguration;
			buildSettings = {
				ALWAYS_SEARCH_USER_PATHS = NO;
				CLANG_CXX_LANGUAGE_STANDARD = "gnu++0x";
				CLANG_CXX_LIBRARY = "libc++";
				CLANG_ENABLE_MODULES = YES;
				CLANG_ENABLE_OBJC_ARC = YES;
				CLANG_WARN_BOOL_CONVERSION = YES;
				CLANG_WARN_CONSTANT_CONVERSION = YES;
				CLANG_WARN_DIRECT_OBJC_ISA_USAGE = YES_ERROR;
				CLANG_WARN_EMPTY_BODY = YES;
				CLANG_WARN_ENUM_CONVERSION = YES;
				CLANG_WARN_INT_CONVERSION = YES;
				CLANG_WARN_OBJC_ROOT_CLASS = YES_ERROR;
				CLANG_WARN_UNREACHABLE_CODE = YES;
				CLANG_WARN__DUPLICATE_METHOD_MATCH = YES;
				"CODE_SIGN_IDENTITY[sdk=iphoneos*]" = "iPhone Developer";
				COPY_PHASE_STRIP = NO;
				DEBUG_INFORMATION_FORMAT = "dwarf-with-dsym";
				ENABLE_NS_ASSERTIONS = NO;
				ENABLE_STRICT_OBJC_MSGSEND = YES;
				GCC_C_LANGUAGE_STANDARD = gnu99;
				GCC_NO_COMMON_BLOCKS = YES;
				GCC_WARN_64_TO_32_BIT_CONVERSION = YES;
				GCC_WARN_ABOUT_RETURN_TYPE = YES_ERROR;
				GCC_WARN_UNDECLARED_SELECTOR = YES;
				GCC_WARN_UNINITIALIZED_AUTOS = YES_AGGRESSIVE;
				GCC_WARN_UNUSED_FUNCTION = YES;
				GCC_WARN_UNUSED_VARIABLE = YES;
				IPHONEOS_DEPLOYMENT_TARGET = 9.1;
				MTL_ENABLE_DEBUG_INFO = NO;
				SDKROOT = iphoneos;
				VALIDATE_PRODUCT = YES;
			};
			name = Release;
		};
		C34BC90B1C044E41007E75CD /* Debug */ = {
			isa = XCBuildConfiguration;
			buildSettings = {
				ASSETCATALOG_COMPILER_APPICON_NAME = AppIcon;
				ASSETCATALOG_COMPILER_LAUNCHIMAGE_NAME = LaunchImage;
				CODE_SIGN_IDENTITY = "iPhone Developer";
				GCC_PRECOMPILE_PREFIX_HEADER = YES;
				GCC_PREFIX_HEADER = ProHealth/ProHealth.pch;
				INFOPLIST_FILE = ProHealth/Info.plist;
				IPHONEOS_DEPLOYMENT_TARGET = 8.0;
				LD_RUNPATH_SEARCH_PATHS = "$(inherited) @executable_path/Frameworks";
				PRODUCT_BUNDLE_IDENTIFIER = com.nataliazubareva.ProHealth;
				PRODUCT_NAME = "$(TARGET_NAME)";
			};
			name = Debug;
		};
		C34BC90C1C044E41007E75CD /* Release */ = {
			isa = XCBuildConfiguration;
			buildSettings = {
				ASSETCATALOG_COMPILER_APPICON_NAME = AppIcon;
				ASSETCATALOG_COMPILER_LAUNCHIMAGE_NAME = LaunchImage;
				CODE_SIGN_IDENTITY = "iPhone Developer";
				GCC_PRECOMPILE_PREFIX_HEADER = YES;
				GCC_PREFIX_HEADER = ProHealth/ProHealth.pch;
				INFOPLIST_FILE = ProHealth/Info.plist;
				IPHONEOS_DEPLOYMENT_TARGET = 8.0;
				LD_RUNPATH_SEARCH_PATHS = "$(inherited) @executable_path/Frameworks";
				PRODUCT_BUNDLE_IDENTIFIER = com.nataliazubareva.ProHealth;
				PRODUCT_NAME = "$(TARGET_NAME)";
			};
			name = Release;
		};
		C34BC90E1C044E41007E75CD /* Debug */ = {
			isa = XCBuildConfiguration;
			buildSettings = {
				BUNDLE_LOADER = "$(TEST_HOST)";
				INFOPLIST_FILE = ProHealthTests/Info.plist;
				LD_RUNPATH_SEARCH_PATHS = "$(inherited) @executable_path/Frameworks @loader_path/Frameworks";
				PRODUCT_BUNDLE_IDENTIFIER = com.nataliazubareva.ProHealthTests;
				PRODUCT_NAME = "$(TARGET_NAME)";
				TEST_HOST = "$(BUILT_PRODUCTS_DIR)/ProHealth.app/ProHealth";
			};
			name = Debug;
		};
		C34BC90F1C044E41007E75CD /* Release */ = {
			isa = XCBuildConfiguration;
			buildSettings = {
				BUNDLE_LOADER = "$(TEST_HOST)";
				INFOPLIST_FILE = ProHealthTests/Info.plist;
				LD_RUNPATH_SEARCH_PATHS = "$(inherited) @executable_path/Frameworks @loader_path/Frameworks";
				PRODUCT_BUNDLE_IDENTIFIER = com.nataliazubareva.ProHealthTests;
				PRODUCT_NAME = "$(TARGET_NAME)";
				TEST_HOST = "$(BUILT_PRODUCTS_DIR)/ProHealth.app/ProHealth";
			};
			name = Release;
		};
/* End XCBuildConfiguration section */

/* Begin XCConfigurationList section */
		C34BC8E01C044E40007E75CD /* Build configuration list for PBXProject "ProHealth" */ = {
			isa = XCConfigurationList;
			buildConfigurations = (
				C34BC9081C044E41007E75CD /* Debug */,
				C34BC9091C044E41007E75CD /* Release */,
			);
			defaultConfigurationIsVisible = 0;
			defaultConfigurationName = Release;
		};
		C34BC90A1C044E41007E75CD /* Build configuration list for PBXNativeTarget "ProHealth" */ = {
			isa = XCConfigurationList;
			buildConfigurations = (
				C34BC90B1C044E41007E75CD /* Debug */,
				C34BC90C1C044E41007E75CD /* Release */,
			);
			defaultConfigurationIsVisible = 0;
			defaultConfigurationName = Release;
		};
		C34BC90D1C044E41007E75CD /* Build configuration list for PBXNativeTarget "ProHealthTests" */ = {
			isa = XCConfigurationList;
			buildConfigurations = (
				C34BC90E1C044E41007E75CD /* Debug */,
				C34BC90F1C044E41007E75CD /* Release */,
			);
			defaultConfigurationIsVisible = 0;
			defaultConfigurationName = Release;
		};
/* End XCConfigurationList section */

/* Begin XCVersionGroup section */
		C34BC9721C0455C9007E75CD /* ProHealth.xcdatamodeld */ = {
			isa = XCVersionGroup;
			children = (
				C34BC9731C0455C9007E75CD /* ProHealth.xcdatamodel */,
			);
			currentVersion = C34BC9731C0455C9007E75CD /* ProHealth.xcdatamodel */;
			path = ProHealth.xcdatamodeld;
			sourceTree = "<group>";
			versionGroupType = wrapper.xcdatamodel;
		};
/* End XCVersionGroup section */
	};
	rootObject = C34BC8DD1C044E40007E75CD /* Project object */;
}
